// !$*UTF8*$!
{
	archiveVersion = 1;
	classes = {
	};
	objectVersion = 46;
	objects = {

/* Begin PBXBuildFile section */
		3F0981021AC59782008AACED /* workoutOptionsViewController.m in Sources */ = {isa = PBXBuildFile; fileRef = 3F0981011AC59782008AACED /* workoutOptionsViewController.m */; };
		3F18B154187F843D00EC852A /* WorkoutSelectionViewController.m in Sources */ = {isa = PBXBuildFile; fileRef = 3F18B153187F843D00EC852A /* WorkoutSelectionViewController.m */; };
		3F2E5A8318DF388300EE4734 /* ImprovedExerciseController.m in Sources */ = {isa = PBXBuildFile; fileRef = 3F2E5A8218DF388300EE4734 /* ImprovedExerciseController.m */; };
		3F2E5A8718DF4E4E00EE4734 /* ExerciseCollectionCell.m in Sources */ = {isa = PBXBuildFile; fileRef = 3F2E5A8618DF4E4E00EE4734 /* ExerciseCollectionCell.m */; };
		3F2E5A8B18E0D90900EE4734 /* workoutCell.m in Sources */ = {isa = PBXBuildFile; fileRef = 3F2E5A8A18E0D90900EE4734 /* workoutCell.m */; };
		3F2E5A9318E1D83500EE4734 /* workoutsDataObjects.m in Sources */ = {isa = PBXBuildFile; fileRef = 3F2E5A9218E1D83500EE4734 /* workoutsDataObjects.m */; };
		3F2E5A9A18E3AE0700EE4734 /* WorkoutDetailViewController.m in Sources */ = {isa = PBXBuildFile; fileRef = 3F2E5A9918E3AE0700EE4734 /* WorkoutDetailViewController.m */; };
		3F3DD10918B5AE6F003AE456 /* profileInfo.m in Sources */ = {isa = PBXBuildFile; fileRef = 3F3DD10818B5AE6F003AE456 /* profileInfo.m */; };
		3F63B1AA1ABB9F24000CDE06 /* HomeTabBarController.m in Sources */ = {isa = PBXBuildFile; fileRef = 3F63B1A91ABB9F24000CDE06 /* HomeTabBarController.m */; };
		3F7D779A19A2DA3C00E00065 /* PrivacyPolicyViewController.m in Sources */ = {isa = PBXBuildFile; fileRef = 3F7D779919A2DA3C00E00065 /* PrivacyPolicyViewController.m */; };
		3F7D779D19A2DA4800E00065 /* TermsViewController.m in Sources */ = {isa = PBXBuildFile; fileRef = 3F7D779C19A2DA4800E00065 /* TermsViewController.m */; };
		3F7D779F19A2DFEA00E00065 /* MessageUI.framework in Frameworks */ = {isa = PBXBuildFile; fileRef = 3F7D779E19A2DFEA00E00065 /* MessageUI.framework */; };
		3F7D77A319A300D600E00065 /* WebviewViewController.m in Sources */ = {isa = PBXBuildFile; fileRef = 3F7D77A219A300D600E00065 /* WebviewViewController.m */; };
		3F7D77A719A3081300E00065 /* AudioToolbox.framework in Frameworks */ = {isa = PBXBuildFile; fileRef = 3F7D77A619A3081300E00065 /* AudioToolbox.framework */; };
		3F7D77AF19A3086200E00065 /* CFNetwork.framework in Frameworks */ = {isa = PBXBuildFile; fileRef = 3F7D77A819A3086200E00065 /* CFNetwork.framework */; };
		3F7D77B019A3086200E00065 /* CoreLocation.framework in Frameworks */ = {isa = PBXBuildFile; fileRef = 3F7D77A919A3086200E00065 /* CoreLocation.framework */; };
		3F7D77B119A3086200E00065 /* libz.dylib in Frameworks */ = {isa = PBXBuildFile; fileRef = 3F7D77AA19A3086200E00065 /* libz.dylib */; };
		3F7D77B219A3086200E00065 /* MobileCoreServices.framework in Frameworks */ = {isa = PBXBuildFile; fileRef = 3F7D77AB19A3086200E00065 /* MobileCoreServices.framework */; };
		3F7D77B319A3086200E00065 /* Security.framework in Frameworks */ = {isa = PBXBuildFile; fileRef = 3F7D77AC19A3086200E00065 /* Security.framework */; };
		3F7D77B419A3086200E00065 /* StoreKit.framework in Frameworks */ = {isa = PBXBuildFile; fileRef = 3F7D77AD19A3086200E00065 /* StoreKit.framework */; };
		3F7D77B519A3086200E00065 /* SystemConfiguration.framework in Frameworks */ = {isa = PBXBuildFile; fileRef = 3F7D77AE19A3086200E00065 /* SystemConfiguration.framework */; };
		3F7E12491A05699700941C81 /* Main_iPhone.storyboard in Resources */ = {isa = PBXBuildFile; fileRef = 3FD5E1B41853A8D00063E10C /* Main_iPhone.storyboard */; };
		3F82E18D188E189A005DE38F /* FavoritesViewController.m in Sources */ = {isa = PBXBuildFile; fileRef = 3F82E18C188E189A005DE38F /* FavoritesViewController.m */; };
		3F82E191188E193C005DE38F /* FavoritesCell.m in Sources */ = {isa = PBXBuildFile; fileRef = 3F82E190188E193C005DE38F /* FavoritesCell.m */; };
		3F8BB35F198C6DA80098E1A7 /* CommonDataOperations.m in Sources */ = {isa = PBXBuildFile; fileRef = 3F8BB35E198C6DA80098E1A7 /* CommonDataOperations.m */; };
		3F8BB363198D4AF70098E1A7 /* CommonSetUpOperations.m in Sources */ = {isa = PBXBuildFile; fileRef = 3F8BB362198D4AF70098E1A7 /* CommonSetUpOperations.m */; };
		3F8BB367198D52C90098E1A7 /* WorkoutDetailUTableViewCell.m in Sources */ = {isa = PBXBuildFile; fileRef = 3F8BB366198D52C90098E1A7 /* WorkoutDetailUTableViewCell.m */; };
		3F8BB379198F03210098E1A7 /* dailyActivity.m in Sources */ = {isa = PBXBuildFile; fileRef = 3F8BB378198F03210098E1A7 /* dailyActivity.m */; };
		3F949C1F195A56D800EB4BED /* findExercise.plist in Resources */ = {isa = PBXBuildFile; fileRef = 3F949C1E195A56D800EB4BED /* findExercise.plist */; };
		3F949CCA195DDCA300EB4BED /* favoriteColumns.m in Sources */ = {isa = PBXBuildFile; fileRef = 3F949CC9195DDCA300EB4BED /* favoriteColumns.m */; };
		3FAC3CC61901B1360022CE6F /* PopupViewController.m in Sources */ = {isa = PBXBuildFile; fileRef = 3FAC3CC41901B1360022CE6F /* PopupViewController.m */; };
		3FAC3CC71901B1360022CE6F /* PopupViewController.xib in Resources */ = {isa = PBXBuildFile; fileRef = 3FAC3CC51901B1360022CE6F /* PopupViewController.xib */; };
		3FC466361B34FE390062EBDB /* Rehab in Resources */ = {isa = PBXBuildFile; fileRef = 3FC466331B34FE390062EBDB /* Rehab */; };
		3FC466371B34FE390062EBDB /* Strength in Resources */ = {isa = PBXBuildFile; fileRef = 3FC466341B34FE390062EBDB /* Strength */; };
		3FC466381B34FE390062EBDB /* Stretching in Resources */ = {isa = PBXBuildFile; fileRef = 3FC466351B34FE390062EBDB /* Stretching */; };
		3FC4663A1B34FEA60062EBDB /* Stayhealthyexercises.sqlite in Resources */ = {isa = PBXBuildFile; fileRef = 3FC466391B34FEA60062EBDB /* Stayhealthyexercises.sqlite */; };
		3FC4663C1B34FEAE0062EBDB /* UserDB1.sqlite in Resources */ = {isa = PBXBuildFile; fileRef = 3FC4663B1B34FEAE0062EBDB /* UserDB1.sqlite */; };
		3FC4664E1B34FF800062EBDB /* MGSwipeButton.m in Sources */ = {isa = PBXBuildFile; fileRef = 3FC4664B1B34FF800062EBDB /* MGSwipeButton.m */; };
		3FC4664F1B34FF800062EBDB /* MGSwipeTableCell.m in Sources */ = {isa = PBXBuildFile; fileRef = 3FC4664D1B34FF800062EBDB /* MGSwipeTableCell.m */; };
		3FC466551B34FFA10062EBDB /* MJPopupBackgroundView.m in Sources */ = {isa = PBXBuildFile; fileRef = 3FC466521B34FFA10062EBDB /* MJPopupBackgroundView.m */; };
		3FC466561B34FFA10062EBDB /* UIViewController+MJPopupViewController.m in Sources */ = {isa = PBXBuildFile; fileRef = 3FC466541B34FFA10062EBDB /* UIViewController+MJPopupViewController.m */; };
		3FC4665A1B34FFBF0062EBDB /* MZTimerLabel.m in Sources */ = {isa = PBXBuildFile; fileRef = 3FC466591B34FFBF0062EBDB /* MZTimerLabel.m */; };
		3FC466601B3500700062EBDB /* SIAlertView.m in Sources */ = {isa = PBXBuildFile; fileRef = 3FC4665D1B3500700062EBDB /* SIAlertView.m */; };
		3FC466611B3500700062EBDB /* UIWindow+SIUtils.m in Sources */ = {isa = PBXBuildFile; fileRef = 3FC4665F1B3500700062EBDB /* UIWindow+SIUtils.m */; };
		3FC466651B3500CE0062EBDB /* Reachability.m in Sources */ = {isa = PBXBuildFile; fileRef = 3FC466641B3500CE0062EBDB /* Reachability.m */; };
		3FC466851B3501080062EBDB /* TSMessage.m in Sources */ = {isa = PBXBuildFile; fileRef = 3FC466691B3501080062EBDB /* TSMessage.m */; };
		3FC466861B3501080062EBDB /* HexColor.m in Sources */ = {isa = PBXBuildFile; fileRef = 3FC4666C1B3501080062EBDB /* HexColor.m */; };
		3FC466871B3501080062EBDB /* NotificationBackgroundError.png in Resources */ = {isa = PBXBuildFile; fileRef = 3FC4666F1B3501080062EBDB /* NotificationBackgroundError.png */; };
		3FC466881B3501080062EBDB /* NotificationBackgroundError@2x.png in Resources */ = {isa = PBXBuildFile; fileRef = 3FC466701B3501080062EBDB /* NotificationBackgroundError@2x.png */; };
		3FC466891B3501080062EBDB /* NotificationBackgroundErrorIcon.png in Resources */ = {isa = PBXBuildFile; fileRef = 3FC466711B3501080062EBDB /* NotificationBackgroundErrorIcon.png */; };
		3FC4668A1B3501080062EBDB /* NotificationBackgroundErrorIcon@2x.png in Resources */ = {isa = PBXBuildFile; fileRef = 3FC466721B3501080062EBDB /* NotificationBackgroundErrorIcon@2x.png */; };
		3FC4668B1B3501080062EBDB /* NotificationBackgroundMessage.png in Resources */ = {isa = PBXBuildFile; fileRef = 3FC466731B3501080062EBDB /* NotificationBackgroundMessage.png */; };
		3FC4668C1B3501080062EBDB /* NotificationBackgroundMessage@2x.png in Resources */ = {isa = PBXBuildFile; fileRef = 3FC466741B3501080062EBDB /* NotificationBackgroundMessage@2x.png */; };
		3FC4668D1B3501080062EBDB /* NotificationBackgroundSuccess.png in Resources */ = {isa = PBXBuildFile; fileRef = 3FC466751B3501080062EBDB /* NotificationBackgroundSuccess.png */; };
		3FC4668E1B3501080062EBDB /* NotificationBackgroundSuccess@2x.png in Resources */ = {isa = PBXBuildFile; fileRef = 3FC466761B3501080062EBDB /* NotificationBackgroundSuccess@2x.png */; };
		3FC4668F1B3501080062EBDB /* NotificationBackgroundSuccessIcon.png in Resources */ = {isa = PBXBuildFile; fileRef = 3FC466771B3501080062EBDB /* NotificationBackgroundSuccessIcon.png */; };
		3FC466901B3501080062EBDB /* NotificationBackgroundSuccessIcon@2x.png in Resources */ = {isa = PBXBuildFile; fileRef = 3FC466781B3501080062EBDB /* NotificationBackgroundSuccessIcon@2x.png */; };
		3FC466911B3501080062EBDB /* NotificationBackgroundWarning.png in Resources */ = {isa = PBXBuildFile; fileRef = 3FC466791B3501080062EBDB /* NotificationBackgroundWarning.png */; };
		3FC466921B3501080062EBDB /* NotificationBackgroundWarning@2x.png in Resources */ = {isa = PBXBuildFile; fileRef = 3FC4667A1B3501080062EBDB /* NotificationBackgroundWarning@2x.png */; };
		3FC466931B3501080062EBDB /* NotificationBackgroundWarningIcon.png in Resources */ = {isa = PBXBuildFile; fileRef = 3FC4667B1B3501080062EBDB /* NotificationBackgroundWarningIcon.png */; };
		3FC466941B3501080062EBDB /* NotificationBackgroundWarningIcon@2x.png in Resources */ = {isa = PBXBuildFile; fileRef = 3FC4667C1B3501080062EBDB /* NotificationBackgroundWarningIcon@2x.png */; };
		3FC466951B3501080062EBDB /* NotificationButtonBackground.png in Resources */ = {isa = PBXBuildFile; fileRef = 3FC4667D1B3501080062EBDB /* NotificationButtonBackground.png */; };
		3FC466961B3501080062EBDB /* NotificationButtonBackground@2x.png in Resources */ = {isa = PBXBuildFile; fileRef = 3FC4667E1B3501080062EBDB /* NotificationButtonBackground@2x.png */; };
		3FC466971B3501080062EBDB /* TSMessagesDefaultDesign.json in Resources */ = {isa = PBXBuildFile; fileRef = 3FC4667F1B3501080062EBDB /* TSMessagesDefaultDesign.json */; };
		3FC466981B3501080062EBDB /* TSBlurView.m in Sources */ = {isa = PBXBuildFile; fileRef = 3FC466821B3501080062EBDB /* TSBlurView.m */; };
		3FC466991B3501080062EBDB /* TSMessageView.m in Sources */ = {isa = PBXBuildFile; fileRef = 3FC466841B3501080062EBDB /* TSMessageView.m */; };
		3FC4669B1B35013D0062EBDB /* FacebookSDK.framework in Frameworks */ = {isa = PBXBuildFile; fileRef = 3FC4669A1B35013D0062EBDB /* FacebookSDK.framework */; };
		3FC4669D1B3501440062EBDB /* Parse.framework in Frameworks */ = {isa = PBXBuildFile; fileRef = 3FC4669C1B3501440062EBDB /* Parse.framework */; };
		3FC4669F1B3501540062EBDB /* SIAlertView.bundle in Resources */ = {isa = PBXBuildFile; fileRef = 3FC4669E1B3501540062EBDB /* SIAlertView.bundle */; };
		3FC466A31B3501AE0062EBDB /* ALCustomColoredAccessory.m in Sources */ = {isa = PBXBuildFile; fileRef = 3FC466A21B3501AE0062EBDB /* ALCustomColoredAccessory.m */; };
		3FD56BA31985585F0020B23C /* workoutFavoriteObjects.m in Sources */ = {isa = PBXBuildFile; fileRef = 3FD56BA21985585F0020B23C /* workoutFavoriteObjects.m */; };
		3FD5E1A11853A8D00063E10C /* Foundation.framework in Frameworks */ = {isa = PBXBuildFile; fileRef = 3FD5E1A01853A8D00063E10C /* Foundation.framework */; };
		3FD5E1A31853A8D00063E10C /* CoreGraphics.framework in Frameworks */ = {isa = PBXBuildFile; fileRef = 3FD5E1A21853A8D00063E10C /* CoreGraphics.framework */; };
		3FD5E1A51853A8D00063E10C /* UIKit.framework in Frameworks */ = {isa = PBXBuildFile; fileRef = 3FD5E1A41853A8D00063E10C /* UIKit.framework */; };
		3FD5E1A71853A8D00063E10C /* CoreData.framework in Frameworks */ = {isa = PBXBuildFile; fileRef = 3FD5E1A61853A8D00063E10C /* CoreData.framework */; };
		3FD5E1AD1853A8D00063E10C /* InfoPlist.strings in Resources */ = {isa = PBXBuildFile; fileRef = 3FD5E1AB1853A8D00063E10C /* InfoPlist.strings */; };
		3FD5E1AF1853A8D00063E10C /* main.m in Sources */ = {isa = PBXBuildFile; fileRef = 3FD5E1AE1853A8D00063E10C /* main.m */; };
		3FD5E1B31853A8D00063E10C /* AppDelegate.m in Sources */ = {isa = PBXBuildFile; fileRef = 3FD5E1B21853A8D00063E10C /* AppDelegate.m */; };
		3FD5E1BC1853A8D00063E10C /* StayHealthy.xcdatamodeld in Sources */ = {isa = PBXBuildFile; fileRef = 3FD5E1BA1853A8D00063E10C /* StayHealthy.xcdatamodeld */; };
		3FD5E1CC1853A8D00063E10C /* Foundation.framework in Frameworks */ = {isa = PBXBuildFile; fileRef = 3FD5E1A01853A8D00063E10C /* Foundation.framework */; };
		3FD5E1CD1853A8D00063E10C /* UIKit.framework in Frameworks */ = {isa = PBXBuildFile; fileRef = 3FD5E1A41853A8D00063E10C /* UIKit.framework */; };
		3FD5E1CE1853A8D00063E10C /* CoreData.framework in Frameworks */ = {isa = PBXBuildFile; fileRef = 3FD5E1A61853A8D00063E10C /* CoreData.framework */; };
		3FDA2D5C19C26699003C2FF4 /* Images.xcassets in Resources */ = {isa = PBXBuildFile; fileRef = 3FDA2D5B19C26699003C2FF4 /* Images.xcassets */; };
		3FE100931863CC0100C53D76 /* QuartzCore.framework in Frameworks */ = {isa = PBXBuildFile; fileRef = 3FE100921863CC0100C53D76 /* QuartzCore.framework */; };
		3FE103C318654B7F00C53D76 /* sqlColumns.m in Sources */ = {isa = PBXBuildFile; fileRef = 3FE103C218654B7F00C53D76 /* sqlColumns.m */; };
		3FE103C518654BC500C53D76 /* libsqlite3.0.dylib in Frameworks */ = {isa = PBXBuildFile; fileRef = 3FE103C418654BC500C53D76 /* libsqlite3.0.dylib */; };
		3FE103D3186618F200C53D76 /* ExerciseDetailViewController.m in Sources */ = {isa = PBXBuildFile; fileRef = 3FE103D2186618F200C53D76 /* ExerciseDetailViewController.m */; };
		3FE41E431ABE0644007522AB /* advancedOptionsSelect.m in Sources */ = {isa = PBXBuildFile; fileRef = 3FE41E421ABE0644007522AB /* advancedOptionsSelect.m */; };
		3FE71275197C897800FCE4EC /* WorkoutsSearchedViewController.m in Sources */ = {isa = PBXBuildFile; fileRef = 3FE71274197C897800FCE4EC /* WorkoutsSearchedViewController.m */; };
		3FE8069F18F24442006A0993 /* WorkoutViewController.m in Sources */ = {isa = PBXBuildFile; fileRef = 3FE8069E18F24442006A0993 /* WorkoutViewController.m */; };
		3FE806A318F35F96006A0993 /* AnalysisCell.m in Sources */ = {isa = PBXBuildFile; fileRef = 3FE806A218F35F96006A0993 /* AnalysisCell.m */; };
		3FE95E24187A5DB0005DD13D /* SettingsViewController.m in Sources */ = {isa = PBXBuildFile; fileRef = 3FE95E23187A5DB0005DD13D /* SettingsViewController.m */; };
		3FF9DDA11853BAEC0083A499 /* CoreText.framework in Frameworks */ = {isa = PBXBuildFile; fileRef = 3FF9DDA01853BAEC0083A499 /* CoreText.framework */; };
		3FF9DDA71853C7710083A499 /* MuscleSelectionViewController.m in Sources */ = {isa = PBXBuildFile; fileRef = 3FF9DDA61853C7710083A499 /* MuscleSelectionViewController.m */; };
/* End PBXBuildFile section */

/* Begin PBXContainerItemProxy section */
		3FD5E1CF1853A8D00063E10C /* PBXContainerItemProxy */ = {
			isa = PBXContainerItemProxy;
			containerPortal = 3FD5E1951853A8D00063E10C /* Project object */;
			proxyType = 1;
			remoteGlobalIDString = 3FD5E19C1853A8D00063E10C;
			remoteInfo = StayHealthy;
		};
/* End PBXContainerItemProxy section */

/* Begin PBXFileReference section */
		3F0981001AC59782008AACED /* workoutOptionsViewController.h */ = {isa = PBXFileReference; fileEncoding = 4; lastKnownFileType = sourcecode.c.h; path = workoutOptionsViewController.h; sourceTree = "<group>"; };
		3F0981011AC59782008AACED /* workoutOptionsViewController.m */ = {isa = PBXFileReference; fileEncoding = 4; lastKnownFileType = sourcecode.c.objc; path = workoutOptionsViewController.m; sourceTree = "<group>"; };
		3F18B152187F843D00EC852A /* WorkoutSelectionViewController.h */ = {isa = PBXFileReference; fileEncoding = 4; lastKnownFileType = sourcecode.c.h; path = WorkoutSelectionViewController.h; sourceTree = "<group>"; };
		3F18B153187F843D00EC852A /* WorkoutSelectionViewController.m */ = {isa = PBXFileReference; fileEncoding = 4; lastKnownFileType = sourcecode.c.objc; path = WorkoutSelectionViewController.m; sourceTree = "<group>"; };
		3F2E5A8118DF388300EE4734 /* ImprovedExerciseController.h */ = {isa = PBXFileReference; fileEncoding = 4; lastKnownFileType = sourcecode.c.h; path = ImprovedExerciseController.h; sourceTree = "<group>"; };
		3F2E5A8218DF388300EE4734 /* ImprovedExerciseController.m */ = {isa = PBXFileReference; fileEncoding = 4; lastKnownFileType = sourcecode.c.objc; path = ImprovedExerciseController.m; sourceTree = "<group>"; };
		3F2E5A8518DF4E4E00EE4734 /* ExerciseCollectionCell.h */ = {isa = PBXFileReference; fileEncoding = 4; lastKnownFileType = sourcecode.c.h; path = ExerciseCollectionCell.h; sourceTree = "<group>"; };
		3F2E5A8618DF4E4E00EE4734 /* ExerciseCollectionCell.m */ = {isa = PBXFileReference; fileEncoding = 4; lastKnownFileType = sourcecode.c.objc; path = ExerciseCollectionCell.m; sourceTree = "<group>"; };
		3F2E5A8918E0D90900EE4734 /* workoutCell.h */ = {isa = PBXFileReference; fileEncoding = 4; lastKnownFileType = sourcecode.c.h; path = workoutCell.h; sourceTree = "<group>"; };
		3F2E5A8A18E0D90900EE4734 /* workoutCell.m */ = {isa = PBXFileReference; fileEncoding = 4; lastKnownFileType = sourcecode.c.objc; path = workoutCell.m; sourceTree = "<group>"; };
		3F2E5A9118E1D83500EE4734 /* workoutsDataObjects.h */ = {isa = PBXFileReference; fileEncoding = 4; lastKnownFileType = sourcecode.c.h; path = workoutsDataObjects.h; sourceTree = "<group>"; };
		3F2E5A9218E1D83500EE4734 /* workoutsDataObjects.m */ = {isa = PBXFileReference; fileEncoding = 4; lastKnownFileType = sourcecode.c.objc; path = workoutsDataObjects.m; sourceTree = "<group>"; };
		3F2E5A9818E3AE0700EE4734 /* WorkoutDetailViewController.h */ = {isa = PBXFileReference; fileEncoding = 4; lastKnownFileType = sourcecode.c.h; path = WorkoutDetailViewController.h; sourceTree = "<group>"; };
		3F2E5A9918E3AE0700EE4734 /* WorkoutDetailViewController.m */ = {isa = PBXFileReference; fileEncoding = 4; lastKnownFileType = sourcecode.c.objc; path = WorkoutDetailViewController.m; sourceTree = "<group>"; };
		3F3DD10718B5AE6F003AE456 /* profileInfo.h */ = {isa = PBXFileReference; fileEncoding = 4; lastKnownFileType = sourcecode.c.h; path = profileInfo.h; sourceTree = "<group>"; };
		3F3DD10818B5AE6F003AE456 /* profileInfo.m */ = {isa = PBXFileReference; fileEncoding = 4; lastKnownFileType = sourcecode.c.objc; path = profileInfo.m; sourceTree = "<group>"; };
		3F63B1A81ABB9F24000CDE06 /* HomeTabBarController.h */ = {isa = PBXFileReference; fileEncoding = 4; lastKnownFileType = sourcecode.c.h; path = HomeTabBarController.h; sourceTree = "<group>"; };
		3F63B1A91ABB9F24000CDE06 /* HomeTabBarController.m */ = {isa = PBXFileReference; fileEncoding = 4; lastKnownFileType = sourcecode.c.objc; path = HomeTabBarController.m; sourceTree = "<group>"; };
		3F7D779819A2DA3C00E00065 /* PrivacyPolicyViewController.h */ = {isa = PBXFileReference; fileEncoding = 4; lastKnownFileType = sourcecode.c.h; path = PrivacyPolicyViewController.h; sourceTree = "<group>"; };
		3F7D779919A2DA3C00E00065 /* PrivacyPolicyViewController.m */ = {isa = PBXFileReference; fileEncoding = 4; lastKnownFileType = sourcecode.c.objc; path = PrivacyPolicyViewController.m; sourceTree = "<group>"; };
		3F7D779B19A2DA4800E00065 /* TermsViewController.h */ = {isa = PBXFileReference; fileEncoding = 4; lastKnownFileType = sourcecode.c.h; path = TermsViewController.h; sourceTree = "<group>"; };
		3F7D779C19A2DA4800E00065 /* TermsViewController.m */ = {isa = PBXFileReference; fileEncoding = 4; lastKnownFileType = sourcecode.c.objc; path = TermsViewController.m; sourceTree = "<group>"; };
		3F7D779E19A2DFEA00E00065 /* MessageUI.framework */ = {isa = PBXFileReference; lastKnownFileType = wrapper.framework; name = MessageUI.framework; path = System/Library/Frameworks/MessageUI.framework; sourceTree = SDKROOT; };
		3F7D77A119A300D600E00065 /* WebviewViewController.h */ = {isa = PBXFileReference; fileEncoding = 4; lastKnownFileType = sourcecode.c.h; path = WebviewViewController.h; sourceTree = "<group>"; };
		3F7D77A219A300D600E00065 /* WebviewViewController.m */ = {isa = PBXFileReference; fileEncoding = 4; lastKnownFileType = sourcecode.c.objc; path = WebviewViewController.m; sourceTree = "<group>"; };
		3F7D77A619A3081300E00065 /* AudioToolbox.framework */ = {isa = PBXFileReference; lastKnownFileType = wrapper.framework; name = AudioToolbox.framework; path = System/Library/Frameworks/AudioToolbox.framework; sourceTree = SDKROOT; };
		3F7D77A819A3086200E00065 /* CFNetwork.framework */ = {isa = PBXFileReference; lastKnownFileType = wrapper.framework; name = CFNetwork.framework; path = System/Library/Frameworks/CFNetwork.framework; sourceTree = SDKROOT; };
		3F7D77A919A3086200E00065 /* CoreLocation.framework */ = {isa = PBXFileReference; lastKnownFileType = wrapper.framework; name = CoreLocation.framework; path = System/Library/Frameworks/CoreLocation.framework; sourceTree = SDKROOT; };
		3F7D77AA19A3086200E00065 /* libz.dylib */ = {isa = PBXFileReference; lastKnownFileType = "compiled.mach-o.dylib"; name = libz.dylib; path = usr/lib/libz.dylib; sourceTree = SDKROOT; };
		3F7D77AB19A3086200E00065 /* MobileCoreServices.framework */ = {isa = PBXFileReference; lastKnownFileType = wrapper.framework; name = MobileCoreServices.framework; path = System/Library/Frameworks/MobileCoreServices.framework; sourceTree = SDKROOT; };
		3F7D77AC19A3086200E00065 /* Security.framework */ = {isa = PBXFileReference; lastKnownFileType = wrapper.framework; name = Security.framework; path = System/Library/Frameworks/Security.framework; sourceTree = SDKROOT; };
		3F7D77AD19A3086200E00065 /* StoreKit.framework */ = {isa = PBXFileReference; lastKnownFileType = wrapper.framework; name = StoreKit.framework; path = System/Library/Frameworks/StoreKit.framework; sourceTree = SDKROOT; };
		3F7D77AE19A3086200E00065 /* SystemConfiguration.framework */ = {isa = PBXFileReference; lastKnownFileType = wrapper.framework; name = SystemConfiguration.framework; path = System/Library/Frameworks/SystemConfiguration.framework; sourceTree = SDKROOT; };
		3F82E18B188E189A005DE38F /* FavoritesViewController.h */ = {isa = PBXFileReference; fileEncoding = 4; lastKnownFileType = sourcecode.c.h; path = FavoritesViewController.h; sourceTree = "<group>"; };
		3F82E18C188E189A005DE38F /* FavoritesViewController.m */ = {isa = PBXFileReference; fileEncoding = 4; lastKnownFileType = sourcecode.c.objc; path = FavoritesViewController.m; sourceTree = "<group>"; };
		3F82E18F188E193C005DE38F /* FavoritesCell.h */ = {isa = PBXFileReference; fileEncoding = 4; lastKnownFileType = sourcecode.c.h; path = FavoritesCell.h; sourceTree = "<group>"; };
		3F82E190188E193C005DE38F /* FavoritesCell.m */ = {isa = PBXFileReference; fileEncoding = 4; lastKnownFileType = sourcecode.c.objc; path = FavoritesCell.m; sourceTree = "<group>"; };
		3F8BB35D198C6DA80098E1A7 /* CommonDataOperations.h */ = {isa = PBXFileReference; fileEncoding = 4; lastKnownFileType = sourcecode.c.h; path = CommonDataOperations.h; sourceTree = "<group>"; };
		3F8BB35E198C6DA80098E1A7 /* CommonDataOperations.m */ = {isa = PBXFileReference; fileEncoding = 4; lastKnownFileType = sourcecode.c.objc; path = CommonDataOperations.m; sourceTree = "<group>"; };
		3F8BB361198D4AF70098E1A7 /* CommonSetUpOperations.h */ = {isa = PBXFileReference; fileEncoding = 4; lastKnownFileType = sourcecode.c.h; path = CommonSetUpOperations.h; sourceTree = "<group>"; };
		3F8BB362198D4AF70098E1A7 /* CommonSetUpOperations.m */ = {isa = PBXFileReference; fileEncoding = 4; lastKnownFileType = sourcecode.c.objc; path = CommonSetUpOperations.m; sourceTree = "<group>"; };
		3F8BB365198D52C90098E1A7 /* WorkoutDetailUTableViewCell.h */ = {isa = PBXFileReference; fileEncoding = 4; lastKnownFileType = sourcecode.c.h; path = WorkoutDetailUTableViewCell.h; sourceTree = "<group>"; };
		3F8BB366198D52C90098E1A7 /* WorkoutDetailUTableViewCell.m */ = {isa = PBXFileReference; fileEncoding = 4; lastKnownFileType = sourcecode.c.objc; path = WorkoutDetailUTableViewCell.m; sourceTree = "<group>"; };
		3F8BB377198F03210098E1A7 /* dailyActivity.h */ = {isa = PBXFileReference; fileEncoding = 4; lastKnownFileType = sourcecode.c.h; path = dailyActivity.h; sourceTree = "<group>"; };
		3F8BB378198F03210098E1A7 /* dailyActivity.m */ = {isa = PBXFileReference; fileEncoding = 4; lastKnownFileType = sourcecode.c.objc; path = dailyActivity.m; sourceTree = "<group>"; };
		3F949C1E195A56D800EB4BED /* findExercise.plist */ = {isa = PBXFileReference; fileEncoding = 4; lastKnownFileType = text.plist.xml; path = findExercise.plist; sourceTree = "<group>"; };
		3F949CC8195DDCA300EB4BED /* favoriteColumns.h */ = {isa = PBXFileReference; fileEncoding = 4; lastKnownFileType = sourcecode.c.h; path = favoriteColumns.h; sourceTree = "<group>"; };
		3F949CC9195DDCA300EB4BED /* favoriteColumns.m */ = {isa = PBXFileReference; fileEncoding = 4; lastKnownFileType = sourcecode.c.objc; path = favoriteColumns.m; sourceTree = "<group>"; };
		3FAC3CC31901B1360022CE6F /* PopupViewController.h */ = {isa = PBXFileReference; fileEncoding = 4; lastKnownFileType = sourcecode.c.h; path = PopupViewController.h; sourceTree = "<group>"; };
		3FAC3CC41901B1360022CE6F /* PopupViewController.m */ = {isa = PBXFileReference; fileEncoding = 4; lastKnownFileType = sourcecode.c.objc; path = PopupViewController.m; sourceTree = "<group>"; };
		3FAC3CC51901B1360022CE6F /* PopupViewController.xib */ = {isa = PBXFileReference; fileEncoding = 4; lastKnownFileType = file.xib; path = PopupViewController.xib; sourceTree = "<group>"; };
		3FC466331B34FE390062EBDB /* Rehab */ = {isa = PBXFileReference; lastKnownFileType = folder; name = Rehab; path = "../../../Project Resources/StayHealthy/Exercise Images/Rehab"; sourceTree = "<group>"; };
		3FC466341B34FE390062EBDB /* Strength */ = {isa = PBXFileReference; lastKnownFileType = folder; name = Strength; path = "../../../Project Resources/StayHealthy/Exercise Images/Strength"; sourceTree = "<group>"; };
		3FC466351B34FE390062EBDB /* Stretching */ = {isa = PBXFileReference; lastKnownFileType = folder; name = Stretching; path = "../../../Project Resources/StayHealthy/Exercise Images/Stretching"; sourceTree = "<group>"; };
		3FC466391B34FEA60062EBDB /* Stayhealthyexercises.sqlite */ = {isa = PBXFileReference; lastKnownFileType = file; name = Stayhealthyexercises.sqlite; path = "../../../Project Resources/StayHealthy/Databases/Stayhealthyexercises.sqlite"; sourceTree = "<group>"; };
		3FC4663B1B34FEAE0062EBDB /* UserDB1.sqlite */ = {isa = PBXFileReference; lastKnownFileType = file; name = UserDB1.sqlite; path = "../../../Project Resources/StayHealthy/Databases/UserDB1.sqlite"; sourceTree = "<group>"; };
		3FC4664A1B34FF800062EBDB /* MGSwipeButton.h */ = {isa = PBXFileReference; fileEncoding = 4; lastKnownFileType = sourcecode.c.h; path = MGSwipeButton.h; sourceTree = "<group>"; };
		3FC4664B1B34FF800062EBDB /* MGSwipeButton.m */ = {isa = PBXFileReference; fileEncoding = 4; lastKnownFileType = sourcecode.c.objc; path = MGSwipeButton.m; sourceTree = "<group>"; };
		3FC4664C1B34FF800062EBDB /* MGSwipeTableCell.h */ = {isa = PBXFileReference; fileEncoding = 4; lastKnownFileType = sourcecode.c.h; path = MGSwipeTableCell.h; sourceTree = "<group>"; };
		3FC4664D1B34FF800062EBDB /* MGSwipeTableCell.m */ = {isa = PBXFileReference; fileEncoding = 4; lastKnownFileType = sourcecode.c.objc; path = MGSwipeTableCell.m; sourceTree = "<group>"; };
		3FC466511B34FFA10062EBDB /* MJPopupBackgroundView.h */ = {isa = PBXFileReference; fileEncoding = 4; lastKnownFileType = sourcecode.c.h; path = MJPopupBackgroundView.h; sourceTree = "<group>"; };
		3FC466521B34FFA10062EBDB /* MJPopupBackgroundView.m */ = {isa = PBXFileReference; fileEncoding = 4; lastKnownFileType = sourcecode.c.objc; path = MJPopupBackgroundView.m; sourceTree = "<group>"; };
		3FC466531B34FFA10062EBDB /* UIViewController+MJPopupViewController.h */ = {isa = PBXFileReference; fileEncoding = 4; lastKnownFileType = sourcecode.c.h; path = "UIViewController+MJPopupViewController.h"; sourceTree = "<group>"; };
		3FC466541B34FFA10062EBDB /* UIViewController+MJPopupViewController.m */ = {isa = PBXFileReference; fileEncoding = 4; lastKnownFileType = sourcecode.c.objc; path = "UIViewController+MJPopupViewController.m"; sourceTree = "<group>"; };
		3FC466581B34FFBF0062EBDB /* MZTimerLabel.h */ = {isa = PBXFileReference; fileEncoding = 4; lastKnownFileType = sourcecode.c.h; path = MZTimerLabel.h; sourceTree = "<group>"; };
		3FC466591B34FFBF0062EBDB /* MZTimerLabel.m */ = {isa = PBXFileReference; fileEncoding = 4; lastKnownFileType = sourcecode.c.objc; path = MZTimerLabel.m; sourceTree = "<group>"; };
		3FC4665C1B3500700062EBDB /* SIAlertView.h */ = {isa = PBXFileReference; fileEncoding = 4; lastKnownFileType = sourcecode.c.h; path = SIAlertView.h; sourceTree = "<group>"; };
		3FC4665D1B3500700062EBDB /* SIAlertView.m */ = {isa = PBXFileReference; fileEncoding = 4; lastKnownFileType = sourcecode.c.objc; path = SIAlertView.m; sourceTree = "<group>"; };
		3FC4665E1B3500700062EBDB /* UIWindow+SIUtils.h */ = {isa = PBXFileReference; fileEncoding = 4; lastKnownFileType = sourcecode.c.h; path = "UIWindow+SIUtils.h"; sourceTree = "<group>"; };
		3FC4665F1B3500700062EBDB /* UIWindow+SIUtils.m */ = {isa = PBXFileReference; fileEncoding = 4; lastKnownFileType = sourcecode.c.objc; path = "UIWindow+SIUtils.m"; sourceTree = "<group>"; };
		3FC466631B3500CE0062EBDB /* Reachability.h */ = {isa = PBXFileReference; fileEncoding = 4; lastKnownFileType = sourcecode.c.h; path = Reachability.h; sourceTree = "<group>"; };
		3FC466641B3500CE0062EBDB /* Reachability.m */ = {isa = PBXFileReference; fileEncoding = 4; lastKnownFileType = sourcecode.c.objc; path = Reachability.m; sourceTree = "<group>"; };
		3FC466681B3501080062EBDB /* TSMessage.h */ = {isa = PBXFileReference; fileEncoding = 4; lastKnownFileType = sourcecode.c.h; path = TSMessage.h; sourceTree = "<group>"; };
		3FC466691B3501080062EBDB /* TSMessage.m */ = {isa = PBXFileReference; fileEncoding = 4; lastKnownFileType = sourcecode.c.objc; path = TSMessage.m; sourceTree = "<group>"; };
		3FC4666B1B3501080062EBDB /* HexColor.h */ = {isa = PBXFileReference; fileEncoding = 4; lastKnownFileType = sourcecode.c.h; path = HexColor.h; sourceTree = "<group>"; };
		3FC4666C1B3501080062EBDB /* HexColor.m */ = {isa = PBXFileReference; fileEncoding = 4; lastKnownFileType = sourcecode.c.objc; path = HexColor.m; sourceTree = "<group>"; };
		3FC4666F1B3501080062EBDB /* NotificationBackgroundError.png */ = {isa = PBXFileReference; lastKnownFileType = image.png; path = NotificationBackgroundError.png; sourceTree = "<group>"; };
		3FC466701B3501080062EBDB /* NotificationBackgroundError@2x.png */ = {isa = PBXFileReference; lastKnownFileType = image.png; path = "NotificationBackgroundError@2x.png"; sourceTree = "<group>"; };
		3FC466711B3501080062EBDB /* NotificationBackgroundErrorIcon.png */ = {isa = PBXFileReference; lastKnownFileType = image.png; path = NotificationBackgroundErrorIcon.png; sourceTree = "<group>"; };
		3FC466721B3501080062EBDB /* NotificationBackgroundErrorIcon@2x.png */ = {isa = PBXFileReference; lastKnownFileType = image.png; path = "NotificationBackgroundErrorIcon@2x.png"; sourceTree = "<group>"; };
		3FC466731B3501080062EBDB /* NotificationBackgroundMessage.png */ = {isa = PBXFileReference; lastKnownFileType = image.png; path = NotificationBackgroundMessage.png; sourceTree = "<group>"; };
		3FC466741B3501080062EBDB /* NotificationBackgroundMessage@2x.png */ = {isa = PBXFileReference; lastKnownFileType = image.png; path = "NotificationBackgroundMessage@2x.png"; sourceTree = "<group>"; };
		3FC466751B3501080062EBDB /* NotificationBackgroundSuccess.png */ = {isa = PBXFileReference; lastKnownFileType = image.png; path = NotificationBackgroundSuccess.png; sourceTree = "<group>"; };
		3FC466761B3501080062EBDB /* NotificationBackgroundSuccess@2x.png */ = {isa = PBXFileReference; lastKnownFileType = image.png; path = "NotificationBackgroundSuccess@2x.png"; sourceTree = "<group>"; };
		3FC466771B3501080062EBDB /* NotificationBackgroundSuccessIcon.png */ = {isa = PBXFileReference; lastKnownFileType = image.png; path = NotificationBackgroundSuccessIcon.png; sourceTree = "<group>"; };
		3FC466781B3501080062EBDB /* NotificationBackgroundSuccessIcon@2x.png */ = {isa = PBXFileReference; lastKnownFileType = image.png; path = "NotificationBackgroundSuccessIcon@2x.png"; sourceTree = "<group>"; };
		3FC466791B3501080062EBDB /* NotificationBackgroundWarning.png */ = {isa = PBXFileReference; lastKnownFileType = image.png; path = NotificationBackgroundWarning.png; sourceTree = "<group>"; };
		3FC4667A1B3501080062EBDB /* NotificationBackgroundWarning@2x.png */ = {isa = PBXFileReference; lastKnownFileType = image.png; path = "NotificationBackgroundWarning@2x.png"; sourceTree = "<group>"; };
		3FC4667B1B3501080062EBDB /* NotificationBackgroundWarningIcon.png */ = {isa = PBXFileReference; lastKnownFileType = image.png; path = NotificationBackgroundWarningIcon.png; sourceTree = "<group>"; };
		3FC4667C1B3501080062EBDB /* NotificationBackgroundWarningIcon@2x.png */ = {isa = PBXFileReference; lastKnownFileType = image.png; path = "NotificationBackgroundWarningIcon@2x.png"; sourceTree = "<group>"; };
		3FC4667D1B3501080062EBDB /* NotificationButtonBackground.png */ = {isa = PBXFileReference; lastKnownFileType = image.png; path = NotificationButtonBackground.png; sourceTree = "<group>"; };
		3FC4667E1B3501080062EBDB /* NotificationButtonBackground@2x.png */ = {isa = PBXFileReference; lastKnownFileType = image.png; path = "NotificationButtonBackground@2x.png"; sourceTree = "<group>"; };
		3FC4667F1B3501080062EBDB /* TSMessagesDefaultDesign.json */ = {isa = PBXFileReference; fileEncoding = 4; lastKnownFileType = text.json; path = TSMessagesDefaultDesign.json; sourceTree = "<group>"; };
		3FC466811B3501080062EBDB /* TSBlurView.h */ = {isa = PBXFileReference; fileEncoding = 4; lastKnownFileType = sourcecode.c.h; path = TSBlurView.h; sourceTree = "<group>"; };
		3FC466821B3501080062EBDB /* TSBlurView.m */ = {isa = PBXFileReference; fileEncoding = 4; lastKnownFileType = sourcecode.c.objc; path = TSBlurView.m; sourceTree = "<group>"; };
		3FC466831B3501080062EBDB /* TSMessageView.h */ = {isa = PBXFileReference; fileEncoding = 4; lastKnownFileType = sourcecode.c.h; path = TSMessageView.h; sourceTree = "<group>"; };
		3FC466841B3501080062EBDB /* TSMessageView.m */ = {isa = PBXFileReference; fileEncoding = 4; lastKnownFileType = sourcecode.c.objc; path = TSMessageView.m; sourceTree = "<group>"; };
		3FC4669A1B35013D0062EBDB /* FacebookSDK.framework */ = {isa = PBXFileReference; lastKnownFileType = wrapper.framework; name = FacebookSDK.framework; path = "../../Project Resources/StayHealthy/Bundles/FacebookSDK.framework"; sourceTree = "<group>"; };
		3FC4669C1B3501440062EBDB /* Parse.framework */ = {isa = PBXFileReference; lastKnownFileType = wrapper.framework; name = Parse.framework; path = "../../Project Resources/StayHealthy/Bundles/Parse.framework"; sourceTree = "<group>"; };
		3FC4669E1B3501540062EBDB /* SIAlertView.bundle */ = {isa = PBXFileReference; lastKnownFileType = "wrapper.plug-in"; name = SIAlertView.bundle; path = "../../Project Resources/StayHealthy/Bundles/SIAlertView.bundle"; sourceTree = "<group>"; };
		3FC466A11B3501AE0062EBDB /* ALCustomColoredAccessory.h */ = {isa = PBXFileReference; fileEncoding = 4; lastKnownFileType = sourcecode.c.h; path = ALCustomColoredAccessory.h; sourceTree = "<group>"; };
		3FC466A21B3501AE0062EBDB /* ALCustomColoredAccessory.m */ = {isa = PBXFileReference; fileEncoding = 4; lastKnownFileType = sourcecode.c.objc; path = ALCustomColoredAccessory.m; sourceTree = "<group>"; };
		3FD56BA11985585F0020B23C /* workoutFavoriteObjects.h */ = {isa = PBXFileReference; fileEncoding = 4; lastKnownFileType = sourcecode.c.h; path = workoutFavoriteObjects.h; sourceTree = "<group>"; };
		3FD56BA21985585F0020B23C /* workoutFavoriteObjects.m */ = {isa = PBXFileReference; fileEncoding = 4; lastKnownFileType = sourcecode.c.objc; path = workoutFavoriteObjects.m; sourceTree = "<group>"; };
		3FD5E19D1853A8D00063E10C /* StayHealthy.app */ = {isa = PBXFileReference; explicitFileType = wrapper.application; includeInIndex = 0; path = StayHealthy.app; sourceTree = BUILT_PRODUCTS_DIR; };
		3FD5E1A01853A8D00063E10C /* Foundation.framework */ = {isa = PBXFileReference; lastKnownFileType = wrapper.framework; name = Foundation.framework; path = System/Library/Frameworks/Foundation.framework; sourceTree = SDKROOT; };
		3FD5E1A21853A8D00063E10C /* CoreGraphics.framework */ = {isa = PBXFileReference; lastKnownFileType = wrapper.framework; name = CoreGraphics.framework; path = System/Library/Frameworks/CoreGraphics.framework; sourceTree = SDKROOT; };
		3FD5E1A41853A8D00063E10C /* UIKit.framework */ = {isa = PBXFileReference; lastKnownFileType = wrapper.framework; name = UIKit.framework; path = System/Library/Frameworks/UIKit.framework; sourceTree = SDKROOT; };
		3FD5E1A61853A8D00063E10C /* CoreData.framework */ = {isa = PBXFileReference; lastKnownFileType = wrapper.framework; name = CoreData.framework; path = System/Library/Frameworks/CoreData.framework; sourceTree = SDKROOT; };
		3FD5E1AA1853A8D00063E10C /* StayHealthy-Info.plist */ = {isa = PBXFileReference; lastKnownFileType = text.plist.xml; path = "StayHealthy-Info.plist"; sourceTree = "<group>"; };
		3FD5E1AC1853A8D00063E10C /* en */ = {isa = PBXFileReference; lastKnownFileType = text.plist.strings; name = en; path = en.lproj/InfoPlist.strings; sourceTree = "<group>"; };
		3FD5E1AE1853A8D00063E10C /* main.m */ = {isa = PBXFileReference; lastKnownFileType = sourcecode.c.objc; path = main.m; sourceTree = "<group>"; };
		3FD5E1B01853A8D00063E10C /* StayHealthy-Prefix.pch */ = {isa = PBXFileReference; lastKnownFileType = sourcecode.c.h; path = "StayHealthy-Prefix.pch"; sourceTree = "<group>"; };
		3FD5E1B11853A8D00063E10C /* AppDelegate.h */ = {isa = PBXFileReference; lastKnownFileType = sourcecode.c.h; path = AppDelegate.h; sourceTree = "<group>"; };
		3FD5E1B21853A8D00063E10C /* AppDelegate.m */ = {isa = PBXFileReference; lastKnownFileType = sourcecode.c.objc; path = AppDelegate.m; sourceTree = "<group>"; };
		3FD5E1B51853A8D00063E10C /* Base */ = {isa = PBXFileReference; lastKnownFileType = file.storyboard; name = Base; path = Base.lproj/Main_iPhone.storyboard; sourceTree = "<group>"; };
		3FD5E1BB1853A8D00063E10C /* StayHealthy.xcdatamodel */ = {isa = PBXFileReference; lastKnownFileType = wrapper.xcdatamodel; path = StayHealthy.xcdatamodel; sourceTree = "<group>"; };
		3FD5E1C91853A8D00063E10C /* StayHealthyTests.xctest */ = {isa = PBXFileReference; explicitFileType = wrapper.cfbundle; includeInIndex = 0; path = StayHealthyTests.xctest; sourceTree = BUILT_PRODUCTS_DIR; };
		3FDA2D5B19C26699003C2FF4 /* Images.xcassets */ = {isa = PBXFileReference; lastKnownFileType = folder.assetcatalog; path = Images.xcassets; sourceTree = "<group>"; };
		3FE100921863CC0100C53D76 /* QuartzCore.framework */ = {isa = PBXFileReference; lastKnownFileType = wrapper.framework; name = QuartzCore.framework; path = System/Library/Frameworks/QuartzCore.framework; sourceTree = SDKROOT; };
		3FE103C118654B7F00C53D76 /* sqlColumns.h */ = {isa = PBXFileReference; fileEncoding = 4; lastKnownFileType = sourcecode.c.h; path = sqlColumns.h; sourceTree = "<group>"; };
		3FE103C218654B7F00C53D76 /* sqlColumns.m */ = {isa = PBXFileReference; fileEncoding = 4; lastKnownFileType = sourcecode.c.objc; path = sqlColumns.m; sourceTree = "<group>"; };
		3FE103C418654BC500C53D76 /* libsqlite3.0.dylib */ = {isa = PBXFileReference; lastKnownFileType = "compiled.mach-o.dylib"; name = libsqlite3.0.dylib; path = usr/lib/libsqlite3.0.dylib; sourceTree = SDKROOT; };
		3FE103D1186618F200C53D76 /* ExerciseDetailViewController.h */ = {isa = PBXFileReference; fileEncoding = 4; lastKnownFileType = sourcecode.c.h; path = ExerciseDetailViewController.h; sourceTree = "<group>"; };
		3FE103D2186618F200C53D76 /* ExerciseDetailViewController.m */ = {isa = PBXFileReference; fileEncoding = 4; lastKnownFileType = sourcecode.c.objc; path = ExerciseDetailViewController.m; sourceTree = "<group>"; };
		3FE41E411ABE0644007522AB /* advancedOptionsSelect.h */ = {isa = PBXFileReference; fileEncoding = 4; lastKnownFileType = sourcecode.c.h; path = advancedOptionsSelect.h; sourceTree = "<group>"; };
		3FE41E421ABE0644007522AB /* advancedOptionsSelect.m */ = {isa = PBXFileReference; fileEncoding = 4; lastKnownFileType = sourcecode.c.objc; path = advancedOptionsSelect.m; sourceTree = "<group>"; };
		3FE71273197C897800FCE4EC /* WorkoutsSearchedViewController.h */ = {isa = PBXFileReference; fileEncoding = 4; lastKnownFileType = sourcecode.c.h; path = WorkoutsSearchedViewController.h; sourceTree = "<group>"; };
		3FE71274197C897800FCE4EC /* WorkoutsSearchedViewController.m */ = {isa = PBXFileReference; fileEncoding = 4; lastKnownFileType = sourcecode.c.objc; path = WorkoutsSearchedViewController.m; sourceTree = "<group>"; };
		3FE8069D18F24442006A0993 /* WorkoutViewController.h */ = {isa = PBXFileReference; fileEncoding = 4; lastKnownFileType = sourcecode.c.h; path = WorkoutViewController.h; sourceTree = "<group>"; };
		3FE8069E18F24442006A0993 /* WorkoutViewController.m */ = {isa = PBXFileReference; fileEncoding = 4; lastKnownFileType = sourcecode.c.objc; path = WorkoutViewController.m; sourceTree = "<group>"; };
		3FE806A118F35F96006A0993 /* AnalysisCell.h */ = {isa = PBXFileReference; fileEncoding = 4; lastKnownFileType = sourcecode.c.h; path = AnalysisCell.h; sourceTree = "<group>"; };
		3FE806A218F35F96006A0993 /* AnalysisCell.m */ = {isa = PBXFileReference; fileEncoding = 4; lastKnownFileType = sourcecode.c.objc; path = AnalysisCell.m; sourceTree = "<group>"; };
		3FE95E22187A5DB0005DD13D /* SettingsViewController.h */ = {isa = PBXFileReference; fileEncoding = 4; lastKnownFileType = sourcecode.c.h; path = SettingsViewController.h; sourceTree = "<group>"; };
		3FE95E23187A5DB0005DD13D /* SettingsViewController.m */ = {isa = PBXFileReference; fileEncoding = 4; lastKnownFileType = sourcecode.c.objc; path = SettingsViewController.m; sourceTree = "<group>"; };
		3FF9DDA01853BAEC0083A499 /* CoreText.framework */ = {isa = PBXFileReference; lastKnownFileType = wrapper.framework; name = CoreText.framework; path = System/Library/Frameworks/CoreText.framework; sourceTree = SDKROOT; };
		3FF9DDA51853C7710083A499 /* MuscleSelectionViewController.h */ = {isa = PBXFileReference; fileEncoding = 4; lastKnownFileType = sourcecode.c.h; path = MuscleSelectionViewController.h; sourceTree = "<group>"; };
		3FF9DDA61853C7710083A499 /* MuscleSelectionViewController.m */ = {isa = PBXFileReference; fileEncoding = 4; lastKnownFileType = sourcecode.c.objc; path = MuscleSelectionViewController.m; sourceTree = "<group>"; };
/* End PBXFileReference section */

/* Begin PBXFrameworksBuildPhase section */
		3FD5E19A1853A8D00063E10C /* Frameworks */ = {
			isa = PBXFrameworksBuildPhase;
			buildActionMask = 2147483647;
			files = (
				3F7D77AF19A3086200E00065 /* CFNetwork.framework in Frameworks */,
				3F7D77B019A3086200E00065 /* CoreLocation.framework in Frameworks */,
				3F7D77B119A3086200E00065 /* libz.dylib in Frameworks */,
				3F7D77B219A3086200E00065 /* MobileCoreServices.framework in Frameworks */,
				3F7D77B319A3086200E00065 /* Security.framework in Frameworks */,
				3F7D77B419A3086200E00065 /* StoreKit.framework in Frameworks */,
				3F7D77B519A3086200E00065 /* SystemConfiguration.framework in Frameworks */,
				3FD5E1A31853A8D00063E10C /* CoreGraphics.framework in Frameworks */,
				3FC4669B1B35013D0062EBDB /* FacebookSDK.framework in Frameworks */,
				3FE100931863CC0100C53D76 /* QuartzCore.framework in Frameworks */,
				3FC4669D1B3501440062EBDB /* Parse.framework in Frameworks */,
				3F7D77A719A3081300E00065 /* AudioToolbox.framework in Frameworks */,
				3F7D779F19A2DFEA00E00065 /* MessageUI.framework in Frameworks */,
				3FE103C518654BC500C53D76 /* libsqlite3.0.dylib in Frameworks */,
				3FF9DDA11853BAEC0083A499 /* CoreText.framework in Frameworks */,
				3FD5E1A71853A8D00063E10C /* CoreData.framework in Frameworks */,
				3FD5E1A51853A8D00063E10C /* UIKit.framework in Frameworks */,
				3FD5E1A11853A8D00063E10C /* Foundation.framework in Frameworks */,
			);
			runOnlyForDeploymentPostprocessing = 0;
		};
		3FD5E1C61853A8D00063E10C /* Frameworks */ = {
			isa = PBXFrameworksBuildPhase;
			buildActionMask = 2147483647;
			files = (
				3FD5E1CE1853A8D00063E10C /* CoreData.framework in Frameworks */,
				3FD5E1CD1853A8D00063E10C /* UIKit.framework in Frameworks */,
				3FD5E1CC1853A8D00063E10C /* Foundation.framework in Frameworks */,
			);
			runOnlyForDeploymentPostprocessing = 0;
		};
/* End PBXFrameworksBuildPhase section */

/* Begin PBXGroup section */
		3F18B151187F841A00EC852A /* Workouts */ = {
			isa = PBXGroup;
			children = (
				3FC465F41B33B17C0062EBDB /* Workout Search Options */,
				3FC465F31B33B03C0062EBDB /* Workout Searched Page */,
				3FC465F21B33AF250062EBDB /* Workout Selection Page */,
				3FC465F11B33AE3A0062EBDB /* Workout Information Page */,
				3FE8069C18F24262006A0993 /* Workout Page */,
				3F2E5A8818E0D8BA00EE4734 /* Workout Collection Cell */,
			);
			name = Workouts;
			sourceTree = "<group>";
		};
		3F19EBBE18669D9800B9B011 /* Exercise Selection Page */ = {
			isa = PBXGroup;
			children = (
				3FF9DDA51853C7710083A499 /* MuscleSelectionViewController.h */,
				3FF9DDA61853C7710083A499 /* MuscleSelectionViewController.m */,
			);
			name = "Exercise Selection Page";
			sourceTree = "<group>";
		};
		3F2E5A8418DF4E1400EE4734 /* Exercise Collection Cell */ = {
			isa = PBXGroup;
			children = (
				3F2E5A8518DF4E4E00EE4734 /* ExerciseCollectionCell.h */,
				3F2E5A8618DF4E4E00EE4734 /* ExerciseCollectionCell.m */,
			);
			name = "Exercise Collection Cell";
			sourceTree = "<group>";
		};
		3F2E5A8818E0D8BA00EE4734 /* Workout Collection Cell */ = {
			isa = PBXGroup;
			children = (
				3F2E5A8918E0D90900EE4734 /* workoutCell.h */,
				3F2E5A8A18E0D90900EE4734 /* workoutCell.m */,
			);
			name = "Workout Collection Cell";
			sourceTree = "<group>";
		};
		3F2E5A8E18E11B8600EE4734 /* Frameworks */ = {
			isa = PBXGroup;
			children = (
				3FC4669C1B3501440062EBDB /* Parse.framework */,
				3FC4669A1B35013D0062EBDB /* FacebookSDK.framework */,
				3F7D77A619A3081300E00065 /* AudioToolbox.framework */,
				3F7D77AE19A3086200E00065 /* SystemConfiguration.framework */,
				3F7D77AD19A3086200E00065 /* StoreKit.framework */,
				3F7D77AC19A3086200E00065 /* Security.framework */,
				3F7D77AB19A3086200E00065 /* MobileCoreServices.framework */,
				3F7D77AA19A3086200E00065 /* libz.dylib */,
				3F7D77A919A3086200E00065 /* CoreLocation.framework */,
				3F7D77A819A3086200E00065 /* CFNetwork.framework */,
				3F7D779E19A2DFEA00E00065 /* MessageUI.framework */,
				3FD5E1A61853A8D00063E10C /* CoreData.framework */,
				3FD5E1A41853A8D00063E10C /* UIKit.framework */,
				3FD5E1A21853A8D00063E10C /* CoreGraphics.framework */,
				3FD5E1A01853A8D00063E10C /* Foundation.framework */,
				3FF9DDA01853BAEC0083A499 /* CoreText.framework */,
				3FE100921863CC0100C53D76 /* QuartzCore.framework */,
			);
			name = Frameworks;
			sourceTree = "<group>";
		};
		3F2E5A8F18E11BB500EE4734 /* Bundles */ = {
			isa = PBXGroup;
			children = (
				3FE103C418654BC500C53D76 /* libsqlite3.0.dylib */,
				3FC4669E1B3501540062EBDB /* SIAlertView.bundle */,
			);
			name = Bundles;
			sourceTree = "<group>";
		};
		3F2E5A9018E1D7E600EE4734 /* Workout Object */ = {
			isa = PBXGroup;
			children = (
				3F2E5A9118E1D83500EE4734 /* workoutsDataObjects.h */,
				3F2E5A9218E1D83500EE4734 /* workoutsDataObjects.m */,
			);
			name = "Workout Object";
			sourceTree = "<group>";
		};
		3F7D779619A2DA1000E00065 /* Terms of Service */ = {
			isa = PBXGroup;
			children = (
				3F7D779B19A2DA4800E00065 /* TermsViewController.h */,
				3F7D779C19A2DA4800E00065 /* TermsViewController.m */,
			);
			name = "Terms of Service";
			sourceTree = "<group>";
		};
		3F7D779719A2DA1900E00065 /* Privacy Policy */ = {
			isa = PBXGroup;
			children = (
				3F7D779819A2DA3C00E00065 /* PrivacyPolicyViewController.h */,
				3F7D779919A2DA3C00E00065 /* PrivacyPolicyViewController.m */,
			);
			name = "Privacy Policy";
			sourceTree = "<group>";
		};
		3F7D77A019A300C000E00065 /* Facebook + Twitter */ = {
			isa = PBXGroup;
			children = (
				3F7D77A119A300D600E00065 /* WebviewViewController.h */,
				3F7D77A219A300D600E00065 /* WebviewViewController.m */,
			);
			name = "Facebook + Twitter";
			sourceTree = "<group>";
		};
		3F82E18A188E1878005DE38F /* Favorites */ = {
			isa = PBXGroup;
			children = (
				3FC465F91B33B24B0062EBDB /* Favorites Page */,
				3F82E18E188E1924005DE38F /* Favorites Cell */,
			);
			name = Favorites;
			sourceTree = "<group>";
		};
		3F82E18E188E1924005DE38F /* Favorites Cell */ = {
			isa = PBXGroup;
			children = (
				3F82E18F188E193C005DE38F /* FavoritesCell.h */,
				3F82E190188E193C005DE38F /* FavoritesCell.m */,
			);
			name = "Favorites Cell";
			sourceTree = "<group>";
		};
		3F8BB35C198C6D810098E1A7 /* Common Database Operations */ = {
			isa = PBXGroup;
			children = (
				3F8BB35D198C6DA80098E1A7 /* CommonDataOperations.h */,
				3F8BB35E198C6DA80098E1A7 /* CommonDataOperations.m */,
			);
			name = "Common Database Operations";
			sourceTree = "<group>";
		};
		3F8BB360198D4AD50098E1A7 /* Common Set Up Operations */ = {
			isa = PBXGroup;
			children = (
				3F8BB361198D4AF70098E1A7 /* CommonSetUpOperations.h */,
				3F8BB362198D4AF70098E1A7 /* CommonSetUpOperations.m */,
			);
			name = "Common Set Up Operations";
			sourceTree = "<group>";
		};
		3F8BB364198D52A80098E1A7 /* Custom TableViewCell */ = {
			isa = PBXGroup;
			children = (
				3F8BB365198D52C90098E1A7 /* WorkoutDetailUTableViewCell.h */,
				3F8BB366198D52C90098E1A7 /* WorkoutDetailUTableViewCell.m */,
			);
			name = "Custom TableViewCell";
			sourceTree = "<group>";
		};
		3FAC3CC21901B1070022CE6F /* Popup Xib */ = {
			isa = PBXGroup;
			children = (
				3FAC3CC31901B1360022CE6F /* PopupViewController.h */,
				3FAC3CC41901B1360022CE6F /* PopupViewController.m */,
				3FAC3CC51901B1360022CE6F /* PopupViewController.xib */,
			);
			name = "Popup Xib";
			sourceTree = "<group>";
		};
		3FC465E21B33A79B0062EBDB /* View Controllers */ = {
			isa = PBXGroup;
			children = (
				3F18B151187F841A00EC852A /* Workouts */,
				3FF735BB185ABA9900FECDF2 /* Find Exercise */,
				3F82E18A188E1878005DE38F /* Favorites */,
				3FE95E25187A5DB7005DD13D /* Settings */,
				3FC465E31B33A7A50062EBDB /* Tab Controller */,
			);
			name = "View Controllers";
			sourceTree = "<group>";
		};
		3FC465E31B33A7A50062EBDB /* Tab Controller */ = {
			isa = PBXGroup;
			children = (
				3F63B1A81ABB9F24000CDE06 /* HomeTabBarController.h */,
				3F63B1A91ABB9F24000CDE06 /* HomeTabBarController.m */,
			);
			name = "Tab Controller";
			sourceTree = "<group>";
		};
		3FC465E41B33A7F70062EBDB /* Global Declarations */ = {
			isa = PBXGroup;
			children = (
				3F8BB35C198C6D810098E1A7 /* Common Database Operations */,
				3F8BB360198D4AD50098E1A7 /* Common Set Up Operations */,
			);
			name = "Global Declarations";
			sourceTree = "<group>";
		};
		3FC465E51B33A8200062EBDB /* Resources */ = {
			isa = PBXGroup;
			children = (
				3FD5E1E11853A99C0063E10C /* Exercise Images */,
				3FDA2D5B19C26699003C2FF4 /* Images.xcassets */,
			);
			name = Resources;
			sourceTree = "<group>";
		};
		3FC465E61B33A9BD0062EBDB /* Information Database */ = {
			isa = PBXGroup;
			children = (
				3FC466391B34FEA60062EBDB /* Stayhealthyexercises.sqlite */,
			);
			name = "Information Database";
			sourceTree = "<group>";
		};
		3FC465E71B33A9C50062EBDB /* User Database */ = {
			isa = PBXGroup;
			children = (
				3FC4663B1B34FEAE0062EBDB /* UserDB1.sqlite */,
			);
			name = "User Database";
			sourceTree = "<group>";
		};
		3FC465E81B33AAE60062EBDB /* Exercise Object */ = {
			isa = PBXGroup;
			children = (
				3FE103C118654B7F00C53D76 /* sqlColumns.h */,
				3FE103C218654B7F00C53D76 /* sqlColumns.m */,
			);
			name = "Exercise Object";
			sourceTree = "<group>";
		};
		3FC465E91B33ABC50062EBDB /* Database Objects */ = {
			isa = PBXGroup;
			children = (
				3FC465EA1B33AC0E0062EBDB /* User Object */,
				3FC465E81B33AAE60062EBDB /* Exercise Object */,
				3F2E5A9018E1D7E600EE4734 /* Workout Object */,
				3FC465EB1B33AC300062EBDB /* Exercise Favorite Object */,
				3FC465EC1B33AC6C0062EBDB /* Workout Favorite Object */,
				3FC465ED1B33AC870062EBDB /* Statistics Object */,
			);
			name = "Database Objects";
			sourceTree = "<group>";
		};
		3FC465EA1B33AC0E0062EBDB /* User Object */ = {
			isa = PBXGroup;
			children = (
				3F3DD10718B5AE6F003AE456 /* profileInfo.h */,
				3F3DD10818B5AE6F003AE456 /* profileInfo.m */,
			);
			name = "User Object";
			sourceTree = "<group>";
		};
		3FC465EB1B33AC300062EBDB /* Exercise Favorite Object */ = {
			isa = PBXGroup;
			children = (
				3F949CC8195DDCA300EB4BED /* favoriteColumns.h */,
				3F949CC9195DDCA300EB4BED /* favoriteColumns.m */,
			);
			name = "Exercise Favorite Object";
			sourceTree = "<group>";
		};
		3FC465EC1B33AC6C0062EBDB /* Workout Favorite Object */ = {
			isa = PBXGroup;
			children = (
				3FD56BA11985585F0020B23C /* workoutFavoriteObjects.h */,
				3FD56BA21985585F0020B23C /* workoutFavoriteObjects.m */,
			);
			name = "Workout Favorite Object";
			sourceTree = "<group>";
		};
		3FC465ED1B33AC870062EBDB /* Statistics Object */ = {
			isa = PBXGroup;
			children = (
				3F8BB377198F03210098E1A7 /* dailyActivity.h */,
				3F8BB378198F03210098E1A7 /* dailyActivity.m */,
			);
			name = "Statistics Object";
			sourceTree = "<group>";
		};
		3FC465EE1B33ACCC0062EBDB /* Prefix File */ = {
			isa = PBXGroup;
			children = (
				3FD5E1B01853A8D00063E10C /* StayHealthy-Prefix.pch */,
			);
			name = "Prefix File";
			sourceTree = "<group>";
		};
		3FC465EF1B33ACDA0062EBDB /* App Delegate */ = {
			isa = PBXGroup;
			children = (
				3FD5E1B11853A8D00063E10C /* AppDelegate.h */,
				3FD5E1B21853A8D00063E10C /* AppDelegate.m */,
			);
			name = "App Delegate";
			sourceTree = "<group>";
		};
		3FC465F01B33ACF10062EBDB /* Data Model */ = {
			isa = PBXGroup;
			children = (
				3FD5E1BA1853A8D00063E10C /* StayHealthy.xcdatamodeld */,
			);
			name = "Data Model";
			sourceTree = "<group>";
		};
		3FC465F11B33AE3A0062EBDB /* Workout Information Page */ = {
			isa = PBXGroup;
			children = (
				3FE806A018F35F74006A0993 /* Analysis Cell */,
				3FAC3CC21901B1070022CE6F /* Popup Xib */,
				3F8BB364198D52A80098E1A7 /* Custom TableViewCell */,
				3F2E5A9818E3AE0700EE4734 /* WorkoutDetailViewController.h */,
				3F2E5A9918E3AE0700EE4734 /* WorkoutDetailViewController.m */,
			);
			name = "Workout Information Page";
			sourceTree = "<group>";
		};
		3FC465F21B33AF250062EBDB /* Workout Selection Page */ = {
			isa = PBXGroup;
			children = (
				3F18B152187F843D00EC852A /* WorkoutSelectionViewController.h */,
				3F18B153187F843D00EC852A /* WorkoutSelectionViewController.m */,
			);
			name = "Workout Selection Page";
			sourceTree = "<group>";
		};
		3FC465F31B33B03C0062EBDB /* Workout Searched Page */ = {
			isa = PBXGroup;
			children = (
				3FE71273197C897800FCE4EC /* WorkoutsSearchedViewController.h */,
				3FE71274197C897800FCE4EC /* WorkoutsSearchedViewController.m */,
			);
			name = "Workout Searched Page";
			sourceTree = "<group>";
		};
		3FC465F41B33B17C0062EBDB /* Workout Search Options */ = {
			isa = PBXGroup;
			children = (
				3F0981001AC59782008AACED /* workoutOptionsViewController.h */,
				3F0981011AC59782008AACED /* workoutOptionsViewController.m */,
			);
			name = "Workout Search Options";
			sourceTree = "<group>";
		};
		3FC465F51B33B1E30062EBDB /* Exercise Detail Page */ = {
			isa = PBXGroup;
			children = (
				3FE103D1186618F200C53D76 /* ExerciseDetailViewController.h */,
				3FE103D2186618F200C53D76 /* ExerciseDetailViewController.m */,
			);
			name = "Exercise Detail Page";
			sourceTree = "<group>";
		};
		3FC465F61B33B2010062EBDB /* Exercise Searched Page */ = {
			isa = PBXGroup;
			children = (
				3F2E5A8118DF388300EE4734 /* ImprovedExerciseController.h */,
				3F2E5A8218DF388300EE4734 /* ImprovedExerciseController.m */,
			);
			name = "Exercise Searched Page";
			sourceTree = "<group>";
		};
		3FC465F71B33B2150062EBDB /* Exercise Options */ = {
			isa = PBXGroup;
			children = (
				3FE41E411ABE0644007522AB /* advancedOptionsSelect.h */,
				3FE41E421ABE0644007522AB /* advancedOptionsSelect.m */,
			);
			name = "Exercise Options";
			sourceTree = "<group>";
		};
		3FC465F81B33B2270062EBDB /* Exercise Plist */ = {
			isa = PBXGroup;
			children = (
				3F949C1E195A56D800EB4BED /* findExercise.plist */,
			);
			name = "Exercise Plist";
			sourceTree = "<group>";
		};
		3FC465F91B33B24B0062EBDB /* Favorites Page */ = {
			isa = PBXGroup;
			children = (
				3F82E18B188E189A005DE38F /* FavoritesViewController.h */,
				3F82E18C188E189A005DE38F /* FavoritesViewController.m */,
			);
			name = "Favorites Page";
			sourceTree = "<group>";
		};
		3FC465FA1B33B25F0062EBDB /* Settings Page */ = {
			isa = PBXGroup;
			children = (
				3FE95E22187A5DB0005DD13D /* SettingsViewController.h */,
				3FE95E23187A5DB0005DD13D /* SettingsViewController.m */,
			);
			name = "Settings Page";
			sourceTree = "<group>";
		};
		3FC466491B34FF800062EBDB /* MGSwipeTableCell */ = {
			isa = PBXGroup;
			children = (
				3FC4664A1B34FF800062EBDB /* MGSwipeButton.h */,
				3FC4664B1B34FF800062EBDB /* MGSwipeButton.m */,
				3FC4664C1B34FF800062EBDB /* MGSwipeTableCell.h */,
				3FC4664D1B34FF800062EBDB /* MGSwipeTableCell.m */,
			);
			name = MGSwipeTableCell;
			path = "../../../Project Resources/StayHealthy/Frameworks/MGSwipeTableCell-master/MGSwipeTableCell";
			sourceTree = "<group>";
		};
		3FC466501B34FFA10062EBDB /* MJPopupViewController */ = {
			isa = PBXGroup;
			children = (
				3FC466511B34FFA10062EBDB /* MJPopupBackgroundView.h */,
				3FC466521B34FFA10062EBDB /* MJPopupBackgroundView.m */,
				3FC466531B34FFA10062EBDB /* UIViewController+MJPopupViewController.h */,
				3FC466541B34FFA10062EBDB /* UIViewController+MJPopupViewController.m */,
			);
			name = MJPopupViewController;
			path = "../../../Project Resources/StayHealthy/Frameworks/MJPopupViewController-master/MJPopupViewController";
			sourceTree = "<group>";
		};
		3FC466571B34FFBF0062EBDB /* MZTimerLabel */ = {
			isa = PBXGroup;
			children = (
				3FC466581B34FFBF0062EBDB /* MZTimerLabel.h */,
				3FC466591B34FFBF0062EBDB /* MZTimerLabel.m */,
			);
			name = MZTimerLabel;
			path = "../../../Project Resources/StayHealthy/Frameworks/MZTimerLabel/MZTimerLabel";
			sourceTree = "<group>";
		};
		3FC4665B1B3500700062EBDB /* SIAlertView */ = {
			isa = PBXGroup;
			children = (
				3FC4665C1B3500700062EBDB /* SIAlertView.h */,
				3FC4665D1B3500700062EBDB /* SIAlertView.m */,
				3FC4665E1B3500700062EBDB /* UIWindow+SIUtils.h */,
				3FC4665F1B3500700062EBDB /* UIWindow+SIUtils.m */,
			);
			name = SIAlertView;
			path = "../../../Project Resources/StayHealthy/Frameworks/SIAlertView";
			sourceTree = "<group>";
		};
		3FC466621B3500CE0062EBDB /* Reachability */ = {
			isa = PBXGroup;
			children = (
				3FC466631B3500CE0062EBDB /* Reachability.h */,
				3FC466641B3500CE0062EBDB /* Reachability.m */,
			);
			name = Reachability;
			path = "../../../Project Resources/StayHealthy/Frameworks/Reachability";
			sourceTree = "<group>";
		};
		3FC466661B3501080062EBDB /* TSMessages */ = {
			isa = PBXGroup;
			children = (
				3FC466671B3501080062EBDB /* Classes */,
				3FC4666A1B3501080062EBDB /* HexColors */,
				3FC4666D1B3501080062EBDB /* Resources */,
				3FC466801B3501080062EBDB /* Views */,
			);
			name = TSMessages;
			path = "../../../Project Resources/StayHealthy/Frameworks/TSMessages";
			sourceTree = "<group>";
		};
		3FC466671B3501080062EBDB /* Classes */ = {
			isa = PBXGroup;
			children = (
				3FC466681B3501080062EBDB /* TSMessage.h */,
				3FC466691B3501080062EBDB /* TSMessage.m */,
			);
			path = Classes;
			sourceTree = "<group>";
		};
		3FC4666A1B3501080062EBDB /* HexColors */ = {
			isa = PBXGroup;
			children = (
				3FC4666B1B3501080062EBDB /* HexColor.h */,
				3FC4666C1B3501080062EBDB /* HexColor.m */,
			);
			path = HexColors;
			sourceTree = "<group>";
		};
		3FC4666D1B3501080062EBDB /* Resources */ = {
			isa = PBXGroup;
			children = (
				3FC4666E1B3501080062EBDB /* Images */,
				3FC4667F1B3501080062EBDB /* TSMessagesDefaultDesign.json */,
			);
			path = Resources;
			sourceTree = "<group>";
		};
		3FC4666E1B3501080062EBDB /* Images */ = {
			isa = PBXGroup;
			children = (
				3FC4666F1B3501080062EBDB /* NotificationBackgroundError.png */,
				3FC466701B3501080062EBDB /* NotificationBackgroundError@2x.png */,
				3FC466711B3501080062EBDB /* NotificationBackgroundErrorIcon.png */,
				3FC466721B3501080062EBDB /* NotificationBackgroundErrorIcon@2x.png */,
				3FC466731B3501080062EBDB /* NotificationBackgroundMessage.png */,
				3FC466741B3501080062EBDB /* NotificationBackgroundMessage@2x.png */,
				3FC466751B3501080062EBDB /* NotificationBackgroundSuccess.png */,
				3FC466761B3501080062EBDB /* NotificationBackgroundSuccess@2x.png */,
				3FC466771B3501080062EBDB /* NotificationBackgroundSuccessIcon.png */,
				3FC466781B3501080062EBDB /* NotificationBackgroundSuccessIcon@2x.png */,
				3FC466791B3501080062EBDB /* NotificationBackgroundWarning.png */,
				3FC4667A1B3501080062EBDB /* NotificationBackgroundWarning@2x.png */,
				3FC4667B1B3501080062EBDB /* NotificationBackgroundWarningIcon.png */,
				3FC4667C1B3501080062EBDB /* NotificationBackgroundWarningIcon@2x.png */,
				3FC4667D1B3501080062EBDB /* NotificationButtonBackground.png */,
				3FC4667E1B3501080062EBDB /* NotificationButtonBackground@2x.png */,
			);
			path = Images;
			sourceTree = "<group>";
		};
		3FC466801B3501080062EBDB /* Views */ = {
			isa = PBXGroup;
			children = (
				3FC466811B3501080062EBDB /* TSBlurView.h */,
				3FC466821B3501080062EBDB /* TSBlurView.m */,
				3FC466831B3501080062EBDB /* TSMessageView.h */,
				3FC466841B3501080062EBDB /* TSMessageView.m */,
			);
			path = Views;
			sourceTree = "<group>";
		};
		3FC466A01B3501AE0062EBDB /* ALCustomColoredAccessory */ = {
			isa = PBXGroup;
			children = (
				3FC466A11B3501AE0062EBDB /* ALCustomColoredAccessory.h */,
				3FC466A21B3501AE0062EBDB /* ALCustomColoredAccessory.m */,
			);
			name = ALCustomColoredAccessory;
			path = "../../../Project Resources/StayHealthy/Frameworks/ALCustomColoredAccessory";
			sourceTree = "<group>";
		};
		3FD5E1941853A8D00063E10C = {
			isa = PBXGroup;
			children = (
				3FD5E1A81853A8D00063E10C /* StayHealthy */,
				3FD5E19F1853A8D00063E10C /* Frameworks */,
				3FD5E19E1853A8D00063E10C /* Products */,
			);
			sourceTree = "<group>";
		};
		3FD5E19E1853A8D00063E10C /* Products */ = {
			isa = PBXGroup;
			children = (
				3FD5E19D1853A8D00063E10C /* StayHealthy.app */,
				3FD5E1C91853A8D00063E10C /* StayHealthyTests.xctest */,
			);
			name = Products;
			sourceTree = "<group>";
		};
		3FD5E19F1853A8D00063E10C /* Frameworks */ = {
			isa = PBXGroup;
			children = (
				3F2E5A8F18E11BB500EE4734 /* Bundles */,
				3F2E5A8E18E11B8600EE4734 /* Frameworks */,
			);
			name = Frameworks;
			sourceTree = "<group>";
		};
		3FD5E1A81853A8D00063E10C /* StayHealthy */ = {
			isa = PBXGroup;
			children = (
				3FC465E41B33A7F70062EBDB /* Global Declarations */,
				3FC465E21B33A79B0062EBDB /* View Controllers */,
				3FD5E20A1853AE920063E10C /* Storyboard */,
				3FF735AB185AAD3B00FECDF2 /* SQLite - Database */,
				3FC465E51B33A8200062EBDB /* Resources */,
				3FD5E1A91853A8D00063E10C /* Supporting Files */,
				3FF9DD641853BA610083A499 /* Repositories */,
			);
			path = StayHealthy;
			sourceTree = "<group>";
		};
		3FD5E1A91853A8D00063E10C /* Supporting Files */ = {
			isa = PBXGroup;
			children = (
				3FC465F01B33ACF10062EBDB /* Data Model */,
				3FC465EF1B33ACDA0062EBDB /* App Delegate */,
				3FC465EE1B33ACCC0062EBDB /* Prefix File */,
				3FD5E1AA1853A8D00063E10C /* StayHealthy-Info.plist */,
				3FD5E1AB1853A8D00063E10C /* InfoPlist.strings */,
				3FD5E1AE1853A8D00063E10C /* main.m */,
			);
			name = "Supporting Files";
			sourceTree = "<group>";
		};
		3FD5E1E11853A99C0063E10C /* Exercise Images */ = {
			isa = PBXGroup;
			children = (
				3FC466331B34FE390062EBDB /* Rehab */,
				3FC466341B34FE390062EBDB /* Strength */,
				3FC466351B34FE390062EBDB /* Stretching */,
			);
			name = "Exercise Images";
			sourceTree = "<group>";
		};
		3FD5E20A1853AE920063E10C /* Storyboard */ = {
			isa = PBXGroup;
			children = (
				3FD5E1B41853A8D00063E10C /* Main_iPhone.storyboard */,
			);
			name = Storyboard;
			sourceTree = "<group>";
		};
		3FE8069C18F24262006A0993 /* Workout Page */ = {
			isa = PBXGroup;
			children = (
				3FE8069D18F24442006A0993 /* WorkoutViewController.h */,
				3FE8069E18F24442006A0993 /* WorkoutViewController.m */,
			);
			name = "Workout Page";
			sourceTree = "<group>";
		};
		3FE806A018F35F74006A0993 /* Analysis Cell */ = {
			isa = PBXGroup;
			children = (
				3FE806A118F35F96006A0993 /* AnalysisCell.h */,
				3FE806A218F35F96006A0993 /* AnalysisCell.m */,
			);
			name = "Analysis Cell";
			sourceTree = "<group>";
		};
		3FE95E25187A5DB7005DD13D /* Settings */ = {
			isa = PBXGroup;
			children = (
				3FC465FA1B33B25F0062EBDB /* Settings Page */,
				3F7D77A019A300C000E00065 /* Facebook + Twitter */,
				3F7D779719A2DA1900E00065 /* Privacy Policy */,
				3F7D779619A2DA1000E00065 /* Terms of Service */,
			);
			name = Settings;
			sourceTree = "<group>";
		};
		3FF735AB185AAD3B00FECDF2 /* SQLite - Database */ = {
			isa = PBXGroup;
			children = (
				3FC465E61B33A9BD0062EBDB /* Information Database */,
				3FC465E71B33A9C50062EBDB /* User Database */,
				3FC465E91B33ABC50062EBDB /* Database Objects */,
			);
			name = "SQLite - Database";
			sourceTree = "<group>";
		};
		3FF735BB185ABA9900FECDF2 /* Find Exercise */ = {
			isa = PBXGroup;
			children = (
				3FC465F71B33B2150062EBDB /* Exercise Options */,
				3FC465F61B33B2010062EBDB /* Exercise Searched Page */,
				3FC465F51B33B1E30062EBDB /* Exercise Detail Page */,
				3F19EBBE18669D9800B9B011 /* Exercise Selection Page */,
				3F2E5A8418DF4E1400EE4734 /* Exercise Collection Cell */,
				3FC465F81B33B2270062EBDB /* Exercise Plist */,
			);
			name = "Find Exercise";
			sourceTree = "<group>";
		};
		3FF9DD641853BA610083A499 /* Repositories */ = {
			isa = PBXGroup;
			children = (
				3FC466A01B3501AE0062EBDB /* ALCustomColoredAccessory */,
				3FC466491B34FF800062EBDB /* MGSwipeTableCell */,
				3FC466501B34FFA10062EBDB /* MJPopupViewController */,
				3FC466571B34FFBF0062EBDB /* MZTimerLabel */,
				3FC466621B3500CE0062EBDB /* Reachability */,
				3FC4665B1B3500700062EBDB /* SIAlertView */,
				3FC466661B3501080062EBDB /* TSMessages */,
			);
			name = Repositories;
			sourceTree = "<group>";
		};
/* End PBXGroup section */

/* Begin PBXNativeTarget section */
		3FD5E19C1853A8D00063E10C /* StayHealthy */ = {
			isa = PBXNativeTarget;
			buildConfigurationList = 3FD5E1DB1853A8D00063E10C /* Build configuration list for PBXNativeTarget "StayHealthy" */;
			buildPhases = (
				3FD5E1991853A8D00063E10C /* Sources */,
				3FD5E19A1853A8D00063E10C /* Frameworks */,
				3FD5E19B1853A8D00063E10C /* Resources */,
			);
			buildRules = (
			);
			dependencies = (
			);
			name = StayHealthy;
			productName = StayHealthy;
			productReference = 3FD5E19D1853A8D00063E10C /* StayHealthy.app */;
			productType = "com.apple.product-type.application";
		};
		3FD5E1C81853A8D00063E10C /* StayHealthyTests */ = {
			isa = PBXNativeTarget;
			buildConfigurationList = 3FD5E1DE1853A8D00063E10C /* Build configuration list for PBXNativeTarget "StayHealthyTests" */;
			buildPhases = (
				3FD5E1C51853A8D00063E10C /* Sources */,
				3FD5E1C61853A8D00063E10C /* Frameworks */,
				3FD5E1C71853A8D00063E10C /* Resources */,
			);
			buildRules = (
			);
			dependencies = (
				3FD5E1D01853A8D00063E10C /* PBXTargetDependency */,
			);
			name = StayHealthyTests;
			productName = StayHealthyTests;
			productReference = 3FD5E1C91853A8D00063E10C /* StayHealthyTests.xctest */;
			productType = "com.apple.product-type.bundle.unit-test";
		};
/* End PBXNativeTarget section */

/* Begin PBXProject section */
		3FD5E1951853A8D00063E10C /* Project object */ = {
			isa = PBXProject;
			attributes = {
				LastUpgradeCheck = 0500;
				ORGANIZATIONNAME = "Mark Saunders";
				TargetAttributes = {
					3FD5E19C1853A8D00063E10C = {
						DevelopmentTeam = MHRF3243WF;
					};
					3FD5E1C81853A8D00063E10C = {
						TestTargetID = 3FD5E19C1853A8D00063E10C;
					};
				};
			};
			buildConfigurationList = 3FD5E1981853A8D00063E10C /* Build configuration list for PBXProject "StayHealthy" */;
			compatibilityVersion = "Xcode 3.2";
			developmentRegion = English;
			hasScannedForEncodings = 0;
			knownRegions = (
				en,
				Base,
			);
			mainGroup = 3FD5E1941853A8D00063E10C;
			productRefGroup = 3FD5E19E1853A8D00063E10C /* Products */;
			projectDirPath = "";
			projectRoot = "";
			targets = (
				3FD5E19C1853A8D00063E10C /* StayHealthy */,
				3FD5E1C81853A8D00063E10C /* StayHealthyTests */,
			);
		};
/* End PBXProject section */

/* Begin PBXResourcesBuildPhase section */
		3FD5E19B1853A8D00063E10C /* Resources */ = {
			isa = PBXResourcesBuildPhase;
			buildActionMask = 2147483647;
			files = (
				3FC4668B1B3501080062EBDB /* NotificationBackgroundMessage.png in Resources */,
				3FC4669F1B3501540062EBDB /* SIAlertView.bundle in Resources */,
				3FC466911B3501080062EBDB /* NotificationBackgroundWarning.png in Resources */,
				3FC4663C1B34FEAE0062EBDB /* UserDB1.sqlite in Resources */,
				3FC466921B3501080062EBDB /* NotificationBackgroundWarning@2x.png in Resources */,
				3FC466901B3501080062EBDB /* NotificationBackgroundSuccessIcon@2x.png in Resources */,
				3FC4663A1B34FEA60062EBDB /* Stayhealthyexercises.sqlite in Resources */,
				3FC466931B3501080062EBDB /* NotificationBackgroundWarningIcon.png in Resources */,
				3F7E12491A05699700941C81 /* Main_iPhone.storyboard in Resources */,
				3FC4668A1B3501080062EBDB /* NotificationBackgroundErrorIcon@2x.png in Resources */,
				3FC4668F1B3501080062EBDB /* NotificationBackgroundSuccessIcon.png in Resources */,
				3FC466871B3501080062EBDB /* NotificationBackgroundError.png in Resources */,
				3FAC3CC71901B1360022CE6F /* PopupViewController.xib in Resources */,
				3FC466371B34FE390062EBDB /* Strength in Resources */,
				3FC466881B3501080062EBDB /* NotificationBackgroundError@2x.png in Resources */,
				3FC466961B3501080062EBDB /* NotificationButtonBackground@2x.png in Resources */,
				3FDA2D5C19C26699003C2FF4 /* Images.xcassets in Resources */,
				3FC4668C1B3501080062EBDB /* NotificationBackgroundMessage@2x.png in Resources */,
				3FC466941B3501080062EBDB /* NotificationBackgroundWarningIcon@2x.png in Resources */,
				3FC4668D1B3501080062EBDB /* NotificationBackgroundSuccess.png in Resources */,
				3FC466361B34FE390062EBDB /* Rehab in Resources */,
				3FD5E1AD1853A8D00063E10C /* InfoPlist.strings in Resources */,
				3FC466971B3501080062EBDB /* TSMessagesDefaultDesign.json in Resources */,
				3FC4668E1B3501080062EBDB /* NotificationBackgroundSuccess@2x.png in Resources */,
				3FC466951B3501080062EBDB /* NotificationButtonBackground.png in Resources */,
				3FC466381B34FE390062EBDB /* Stretching in Resources */,
				3FC466891B3501080062EBDB /* NotificationBackgroundErrorIcon.png in Resources */,
				3F949C1F195A56D800EB4BED /* findExercise.plist in Resources */,
			);
			runOnlyForDeploymentPostprocessing = 0;
		};
		3FD5E1C71853A8D00063E10C /* Resources */ = {
			isa = PBXResourcesBuildPhase;
			buildActionMask = 2147483647;
			files = (
			);
			runOnlyForDeploymentPostprocessing = 0;
		};
/* End PBXResourcesBuildPhase section */

/* Begin PBXSourcesBuildPhase section */
		3FD5E1991853A8D00063E10C /* Sources */ = {
			isa = PBXSourcesBuildPhase;
			buildActionMask = 2147483647;
			files = (
				3FC4664E1B34FF800062EBDB /* MGSwipeButton.m in Sources */,
				3FC466981B3501080062EBDB /* TSBlurView.m in Sources */,
				3F949CCA195DDCA300EB4BED /* favoriteColumns.m in Sources */,
				3F2E5A8718DF4E4E00EE4734 /* ExerciseCollectionCell.m in Sources */,
				3F0981021AC59782008AACED /* workoutOptionsViewController.m in Sources */,
				3FC466561B34FFA10062EBDB /* UIViewController+MJPopupViewController.m in Sources */,
				3F2E5A9A18E3AE0700EE4734 /* WorkoutDetailViewController.m in Sources */,
				3FE8069F18F24442006A0993 /* WorkoutViewController.m in Sources */,
				3FE95E24187A5DB0005DD13D /* SettingsViewController.m in Sources */,
				3FC466861B3501080062EBDB /* HexColor.m in Sources */,
				3F3DD10918B5AE6F003AE456 /* profileInfo.m in Sources */,
				3FD56BA31985585F0020B23C /* workoutFavoriteObjects.m in Sources */,
				3FC466611B3500700062EBDB /* UIWindow+SIUtils.m in Sources */,
				3FE103D3186618F200C53D76 /* ExerciseDetailViewController.m in Sources */,
				3FE103C318654B7F00C53D76 /* sqlColumns.m in Sources */,
				3FC4665A1B34FFBF0062EBDB /* MZTimerLabel.m in Sources */,
				3F2E5A8318DF388300EE4734 /* ImprovedExerciseController.m in Sources */,
				3F82E18D188E189A005DE38F /* FavoritesViewController.m in Sources */,
				3F8BB363198D4AF70098E1A7 /* CommonSetUpOperations.m in Sources */,
				3FD5E1B31853A8D00063E10C /* AppDelegate.m in Sources */,
				3FE806A318F35F96006A0993 /* AnalysisCell.m in Sources */,
				3F7D779A19A2DA3C00E00065 /* PrivacyPolicyViewController.m in Sources */,
				3FF9DDA71853C7710083A499 /* MuscleSelectionViewController.m in Sources */,
				3F63B1AA1ABB9F24000CDE06 /* HomeTabBarController.m in Sources */,
				3FC466991B3501080062EBDB /* TSMessageView.m in Sources */,
				3F7D779D19A2DA4800E00065 /* TermsViewController.m in Sources */,
				3FC466851B3501080062EBDB /* TSMessage.m in Sources */,
				3F2E5A9318E1D83500EE4734 /* workoutsDataObjects.m in Sources */,
				3F2E5A8B18E0D90900EE4734 /* workoutCell.m in Sources */,
				3FE41E431ABE0644007522AB /* advancedOptionsSelect.m in Sources */,
				3FC466A31B3501AE0062EBDB /* ALCustomColoredAccessory.m in Sources */,
				3F8BB367198D52C90098E1A7 /* WorkoutDetailUTableViewCell.m in Sources */,
				3F82E191188E193C005DE38F /* FavoritesCell.m in Sources */,
				3FC466551B34FFA10062EBDB /* MJPopupBackgroundView.m in Sources */,
				3F8BB35F198C6DA80098E1A7 /* CommonDataOperations.m in Sources */,
				3FC4664F1B34FF800062EBDB /* MGSwipeTableCell.m in Sources */,
				3FC466601B3500700062EBDB /* SIAlertView.m in Sources */,
				3F8BB379198F03210098E1A7 /* dailyActivity.m in Sources */,
				3FD5E1BC1853A8D00063E10C /* StayHealthy.xcdatamodeld in Sources */,
				3F18B154187F843D00EC852A /* WorkoutSelectionViewController.m in Sources */,
				3FC466651B3500CE0062EBDB /* Reachability.m in Sources */,
				3FE71275197C897800FCE4EC /* WorkoutsSearchedViewController.m in Sources */,
				3FD5E1AF1853A8D00063E10C /* main.m in Sources */,
				3F7D77A319A300D600E00065 /* WebviewViewController.m in Sources */,
				3FAC3CC61901B1360022CE6F /* PopupViewController.m in Sources */,
			);
			runOnlyForDeploymentPostprocessing = 0;
		};
		3FD5E1C51853A8D00063E10C /* Sources */ = {
			isa = PBXSourcesBuildPhase;
			buildActionMask = 2147483647;
			files = (
			);
			runOnlyForDeploymentPostprocessing = 0;
		};
/* End PBXSourcesBuildPhase section */

/* Begin PBXTargetDependency section */
		3FD5E1D01853A8D00063E10C /* PBXTargetDependency */ = {
			isa = PBXTargetDependency;
			target = 3FD5E19C1853A8D00063E10C /* StayHealthy */;
			targetProxy = 3FD5E1CF1853A8D00063E10C /* PBXContainerItemProxy */;
		};
/* End PBXTargetDependency section */

/* Begin PBXVariantGroup section */
		3FD5E1AB1853A8D00063E10C /* InfoPlist.strings */ = {
			isa = PBXVariantGroup;
			children = (
				3FD5E1AC1853A8D00063E10C /* en */,
			);
			name = InfoPlist.strings;
			sourceTree = "<group>";
		};
		3FD5E1B41853A8D00063E10C /* Main_iPhone.storyboard */ = {
			isa = PBXVariantGroup;
			children = (
				3FD5E1B51853A8D00063E10C /* Base */,
			);
			name = Main_iPhone.storyboard;
			sourceTree = "<group>";
		};
/* End PBXVariantGroup section */

/* Begin XCBuildConfiguration section */
		3FD5E1D91853A8D00063E10C /* Debug */ = {
			isa = XCBuildConfiguration;
			buildSettings = {
				ALWAYS_SEARCH_USER_PATHS = NO;
				ARCHS = "$(ARCHS_STANDARD_INCLUDING_64_BIT)";
				CLANG_CXX_LANGUAGE_STANDARD = "gnu++0x";
				CLANG_CXX_LIBRARY = "libc++";
				CLANG_ENABLE_MODULES = YES;
				CLANG_ENABLE_OBJC_ARC = YES;
				CLANG_WARN_BOOL_CONVERSION = YES;
				CLANG_WARN_CONSTANT_CONVERSION = YES;
				CLANG_WARN_DIRECT_OBJC_ISA_USAGE = YES_ERROR;
				CLANG_WARN_EMPTY_BODY = YES;
				CLANG_WARN_ENUM_CONVERSION = YES;
				CLANG_WARN_INT_CONVERSION = YES;
				CLANG_WARN_OBJC_ROOT_CLASS = YES_ERROR;
				CLANG_WARN__DUPLICATE_METHOD_MATCH = YES;
				CODE_SIGN_IDENTITY = "iPhone Developer: Mark Saunders (QXM5Q354M5)";
				"CODE_SIGN_IDENTITY[sdk=iphoneos*]" = "iPhone Developer";
				COPY_PHASE_STRIP = NO;
				GCC_C_LANGUAGE_STANDARD = gnu99;
				GCC_DYNAMIC_NO_PIC = NO;
				GCC_OPTIMIZATION_LEVEL = 0;
				GCC_PREPROCESSOR_DEFINITIONS = (
					"DEBUG=1",
					"$(inherited)",
				);
				GCC_SYMBOLS_PRIVATE_EXTERN = NO;
				GCC_WARN_64_TO_32_BIT_CONVERSION = YES;
				GCC_WARN_ABOUT_RETURN_TYPE = YES_ERROR;
				GCC_WARN_UNDECLARED_SELECTOR = YES;
				GCC_WARN_UNINITIALIZED_AUTOS = YES;
				GCC_WARN_UNUSED_FUNCTION = YES;
				GCC_WARN_UNUSED_VARIABLE = YES;
				IPHONEOS_DEPLOYMENT_TARGET = 7.0;
				ONLY_ACTIVE_ARCH = YES;
				OTHER_LDFLAGS = (
					"-ObjC",
					"-all_load",
				);
				SDKROOT = iphoneos;
				TARGETED_DEVICE_FAMILY = "1,2";
			};
			name = Debug;
		};
		3FD5E1DA1853A8D00063E10C /* Release */ = {
			isa = XCBuildConfiguration;
			buildSettings = {
				ALWAYS_SEARCH_USER_PATHS = NO;
				ARCHS = "$(ARCHS_STANDARD_INCLUDING_64_BIT)";
				CLANG_CXX_LANGUAGE_STANDARD = "gnu++0x";
				CLANG_CXX_LIBRARY = "libc++";
				CLANG_ENABLE_MODULES = YES;
				CLANG_ENABLE_OBJC_ARC = YES;
				CLANG_WARN_BOOL_CONVERSION = YES;
				CLANG_WARN_CONSTANT_CONVERSION = YES;
				CLANG_WARN_DIRECT_OBJC_ISA_USAGE = YES_ERROR;
				CLANG_WARN_EMPTY_BODY = YES;
				CLANG_WARN_ENUM_CONVERSION = YES;
				CLANG_WARN_INT_CONVERSION = YES;
				CLANG_WARN_OBJC_ROOT_CLASS = YES_ERROR;
				CLANG_WARN__DUPLICATE_METHOD_MATCH = YES;
				CODE_SIGN_IDENTITY = "iPhone Developer: Mark Saunders (QXM5Q354M5)";
				"CODE_SIGN_IDENTITY[sdk=iphoneos*]" = "iPhone Developer";
				COPY_PHASE_STRIP = YES;
				ENABLE_NS_ASSERTIONS = NO;
				GCC_C_LANGUAGE_STANDARD = gnu99;
				GCC_WARN_64_TO_32_BIT_CONVERSION = YES;
				GCC_WARN_ABOUT_RETURN_TYPE = YES_ERROR;
				GCC_WARN_UNDECLARED_SELECTOR = YES;
				GCC_WARN_UNINITIALIZED_AUTOS = YES;
				GCC_WARN_UNUSED_FUNCTION = YES;
				GCC_WARN_UNUSED_VARIABLE = YES;
				IPHONEOS_DEPLOYMENT_TARGET = 7.0;
				OTHER_LDFLAGS = (
					"-ObjC",
					"-all_load",
				);
				SDKROOT = iphoneos;
				TARGETED_DEVICE_FAMILY = "1,2";
				VALIDATE_PRODUCT = YES;
			};
			name = Release;
		};
		3FD5E1DC1853A8D00063E10C /* Debug */ = {
			isa = XCBuildConfiguration;
			buildSettings = {
				ASSETCATALOG_COMPILER_APPICON_NAME = AppIcon;
				ASSETCATALOG_COMPILER_LAUNCHIMAGE_NAME = LaunchImage;
				CODE_SIGN_IDENTITY = "iPhone Developer";
				"CODE_SIGN_IDENTITY[sdk=iphoneos*]" = "iPhone Developer";
				FRAMEWORK_SEARCH_PATHS = (
					"$(inherited)",
					/Users/student/Documents/App,
					Development/App,
					Projects/StayHealthy,
					"/Users/student/Downloads/FleksySDK-master",
					"$(PROJECT_DIR)",
					/Users/student/Development/Project,
					Resources/StayHealthy/Bundles,
				);
				GCC_PRECOMPILE_PREFIX_HEADER = YES;
				GCC_PREFIX_HEADER = "StayHealthy/StayHealthy-Prefix.pch";
				INFOPLIST_FILE = "StayHealthy/StayHealthy-Info.plist";
				IPHONEOS_DEPLOYMENT_TARGET = 7.0;
				OTHER_LDFLAGS = "";
				PRODUCT_NAME = "$(TARGET_NAME)";
				PROVISIONING_PROFILE = "";
				TARGETED_DEVICE_FAMILY = 1;
				WRAPPER_EXTENSION = app;
			};
			name = Debug;
		};
		3FD5E1DD1853A8D00063E10C /* Release */ = {
			isa = XCBuildConfiguration;
			buildSettings = {
				ASSETCATALOG_COMPILER_APPICON_NAME = AppIcon;
				ASSETCATALOG_COMPILER_LAUNCHIMAGE_NAME = LaunchImage;
				CODE_SIGN_IDENTITY = "iPhone Developer";
				"CODE_SIGN_IDENTITY[sdk=iphoneos*]" = "iPhone Developer";
				FRAMEWORK_SEARCH_PATHS = (
					"$(inherited)",
					/Users/student/Documents/App,
					Development/App,
					Projects/StayHealthy,
					"/Users/student/Downloads/FleksySDK-master",
					"$(PROJECT_DIR)",
					/Users/student/Development/Project,
					Resources/StayHealthy/Bundles,
				);
				GCC_PRECOMPILE_PREFIX_HEADER = YES;
				GCC_PREFIX_HEADER = "StayHealthy/StayHealthy-Prefix.pch";
				INFOPLIST_FILE = "StayHealthy/StayHealthy-Info.plist";
				IPHONEOS_DEPLOYMENT_TARGET = 7.0;
				OTHER_LDFLAGS = "";
				PRODUCT_NAME = "$(TARGET_NAME)";
				PROVISIONING_PROFILE = "";
				TARGETED_DEVICE_FAMILY = 1;
				WRAPPER_EXTENSION = app;
			};
			name = Release;
		};
		3FD5E1DF1853A8D00063E10C /* Debug */ = {
			isa = XCBuildConfiguration;
			buildSettings = {
				ARCHS = "$(ARCHS_STANDARD_INCLUDING_64_BIT)";
				BUNDLE_LOADER = "$(BUILT_PRODUCTS_DIR)/StayHealthy.app/StayHealthy";
				FRAMEWORK_SEARCH_PATHS = (
					"$(SDKROOT)/Developer/Library/Frameworks",
					"$(inherited)",
					"$(DEVELOPER_FRAMEWORKS_DIR)",
				);
				GCC_PRECOMPILE_PREFIX_HEADER = YES;
				GCC_PREFIX_HEADER = "StayHealthy/StayHealthy-Prefix.pch";
				GCC_PREPROCESSOR_DEFINITIONS = (
					"DEBUG=1",
					"$(inherited)",
				);
				INFOPLIST_FILE = "StayHealthyTests/StayHealthyTests-Info.plist";
				PRODUCT_NAME = "$(TARGET_NAME)";
				TEST_HOST = "$(BUNDLE_LOADER)";
				WRAPPER_EXTENSION = xctest;
			};
			name = Debug;
		};
		3FD5E1E01853A8D00063E10C /* Release */ = {
			isa = XCBuildConfiguration;
			buildSettings = {
				ARCHS = "$(ARCHS_STANDARD_INCLUDING_64_BIT)";
				BUNDLE_LOADER = "$(BUILT_PRODUCTS_DIR)/StayHealthy.app/StayHealthy";
				FRAMEWORK_SEARCH_PATHS = (
					"$(SDKROOT)/Developer/Library/Frameworks",
					"$(inherited)",
					"$(DEVELOPER_FRAMEWORKS_DIR)",
				);
				GCC_PRECOMPILE_PREFIX_HEADER = YES;
				GCC_PREFIX_HEADER = "StayHealthy/StayHealthy-Prefix.pch";
				INFOPLIST_FILE = "StayHealthyTests/StayHealthyTests-Info.plist";
				PRODUCT_NAME = "$(TARGET_NAME)";
				TEST_HOST = "$(BUNDLE_LOADER)";
				WRAPPER_EXTENSION = xctest;
			};
			name = Release;
		};
/* End XCBuildConfiguration section */

/* Begin XCConfigurationList section */
		3FD5E1981853A8D00063E10C /* Build configuration list for PBXProject "StayHealthy" */ = {
			isa = XCConfigurationList;
			buildConfigurations = (
				3FD5E1D91853A8D00063E10C /* Debug */,
				3FD5E1DA1853A8D00063E10C /* Release */,
			);
			defaultConfigurationIsVisible = 0;
			defaultConfigurationName = Release;
		};
		3FD5E1DB1853A8D00063E10C /* Build configuration list for PBXNativeTarget "StayHealthy" */ = {
			isa = XCConfigurationList;
			buildConfigurations = (
				3FD5E1DC1853A8D00063E10C /* Debug */,
				3FD5E1DD1853A8D00063E10C /* Release */,
			);
			defaultConfigurationIsVisible = 0;
			defaultConfigurationName = Release;
		};
		3FD5E1DE1853A8D00063E10C /* Build configuration list for PBXNativeTarget "StayHealthyTests" */ = {
			isa = XCConfigurationList;
			buildConfigurations = (
				3FD5E1DF1853A8D00063E10C /* Debug */,
				3FD5E1E01853A8D00063E10C /* Release */,
			);
			defaultConfigurationIsVisible = 0;
			defaultConfigurationName = Release;
		};
/* End XCConfigurationList section */

/* Begin XCVersionGroup section */
		3FD5E1BA1853A8D00063E10C /* StayHealthy.xcdatamodeld */ = {
			isa = XCVersionGroup;
			children = (
				3FD5E1BB1853A8D00063E10C /* StayHealthy.xcdatamodel */,
			);
			currentVersion = 3FD5E1BB1853A8D00063E10C /* StayHealthy.xcdatamodel */;
			path = StayHealthy.xcdatamodeld;
			sourceTree = "<group>";
			versionGroupType = wrapper.xcdatamodel;
		};
/* End XCVersionGroup section */
	};
	rootObject = 3FD5E1951853A8D00063E10C /* Project object */;
}
