// !$*UTF8*$!
{
	archiveVersion = 1;
	classes = {
	};
	objectVersion = 46;
	objects = {

/* Begin PBXBuildFile section */
		3FD5E1A11853A8D00063E10C /* Foundation.framework in Frameworks */ = {isa = PBXBuildFile; fileRef = 3FD5E1A01853A8D00063E10C /* Foundation.framework */; };
		3FD5E1A31853A8D00063E10C /* CoreGraphics.framework in Frameworks */ = {isa = PBXBuildFile; fileRef = 3FD5E1A21853A8D00063E10C /* CoreGraphics.framework */; };
		3FD5E1A51853A8D00063E10C /* UIKit.framework in Frameworks */ = {isa = PBXBuildFile; fileRef = 3FD5E1A41853A8D00063E10C /* UIKit.framework */; };
		3FD5E1A71853A8D00063E10C /* CoreData.framework in Frameworks */ = {isa = PBXBuildFile; fileRef = 3FD5E1A61853A8D00063E10C /* CoreData.framework */; };
		3FD5E1AD1853A8D00063E10C /* InfoPlist.strings in Resources */ = {isa = PBXBuildFile; fileRef = 3FD5E1AB1853A8D00063E10C /* InfoPlist.strings */; };
		3FD5E1AF1853A8D00063E10C /* main.m in Sources */ = {isa = PBXBuildFile; fileRef = 3FD5E1AE1853A8D00063E10C /* main.m */; };
		3FD5E1B31853A8D00063E10C /* AppDelegate.m in Sources */ = {isa = PBXBuildFile; fileRef = 3FD5E1B21853A8D00063E10C /* AppDelegate.m */; };
		3FD5E1B61853A8D00063E10C /* Main_iPhone.storyboard in Resources */ = {isa = PBXBuildFile; fileRef = 3FD5E1B41853A8D00063E10C /* Main_iPhone.storyboard */; };
		3FD5E1B91853A8D00063E10C /* Main_iPad.storyboard in Resources */ = {isa = PBXBuildFile; fileRef = 3FD5E1B71853A8D00063E10C /* Main_iPad.storyboard */; };
		3FD5E1BC1853A8D00063E10C /* StayHealthy.xcdatamodeld in Sources */ = {isa = PBXBuildFile; fileRef = 3FD5E1BA1853A8D00063E10C /* StayHealthy.xcdatamodeld */; };
		3FD5E1BF1853A8D00063E10C /* MasterViewController.m in Sources */ = {isa = PBXBuildFile; fileRef = 3FD5E1BE1853A8D00063E10C /* MasterViewController.m */; };
		3FD5E1C21853A8D00063E10C /* DetailViewController.m in Sources */ = {isa = PBXBuildFile; fileRef = 3FD5E1C11853A8D00063E10C /* DetailViewController.m */; };
		3FD5E1C41853A8D00063E10C /* Images.xcassets in Resources */ = {isa = PBXBuildFile; fileRef = 3FD5E1C31853A8D00063E10C /* Images.xcassets */; };
		3FD5E1CB1853A8D00063E10C /* XCTest.framework in Frameworks */ = {isa = PBXBuildFile; fileRef = 3FD5E1CA1853A8D00063E10C /* XCTest.framework */; };
		3FD5E1CC1853A8D00063E10C /* Foundation.framework in Frameworks */ = {isa = PBXBuildFile; fileRef = 3FD5E1A01853A8D00063E10C /* Foundation.framework */; };
		3FD5E1CD1853A8D00063E10C /* UIKit.framework in Frameworks */ = {isa = PBXBuildFile; fileRef = 3FD5E1A41853A8D00063E10C /* UIKit.framework */; };
		3FD5E1CE1853A8D00063E10C /* CoreData.framework in Frameworks */ = {isa = PBXBuildFile; fileRef = 3FD5E1A61853A8D00063E10C /* CoreData.framework */; };
		3FD5E1D61853A8D00063E10C /* InfoPlist.strings in Resources */ = {isa = PBXBuildFile; fileRef = 3FD5E1D41853A8D00063E10C /* InfoPlist.strings */; };
		3FD5E1D81853A8D00063E10C /* StayHealthyTests.m in Sources */ = {isa = PBXBuildFile; fileRef = 3FD5E1D71853A8D00063E10C /* StayHealthyTests.m */; };
/* End PBXBuildFile section */

/* Begin PBXContainerItemProxy section */
		3FD5E1CF1853A8D00063E10C /* PBXContainerItemProxy */ = {
			isa = PBXContainerItemProxy;
			containerPortal = 3FD5E1951853A8D00063E10C /* Project object */;
			proxyType = 1;
			remoteGlobalIDString = 3FD5E19C1853A8D00063E10C;
			remoteInfo = StayHealthy;
		};
/* End PBXContainerItemProxy section */

/* Begin PBXFileReference section */
		3FD5E19D1853A8D00063E10C /* StayHealthy.app */ = {isa = PBXFileReference; explicitFileType = wrapper.application; includeInIndex = 0; path = StayHealthy.app; sourceTree = BUILT_PRODUCTS_DIR; };
		3FD5E1A01853A8D00063E10C /* Foundation.framework */ = {isa = PBXFileReference; lastKnownFileType = wrapper.framework; name = Foundation.framework; path = System/Library/Frameworks/Foundation.framework; sourceTree = SDKROOT; };
		3FD5E1A21853A8D00063E10C /* CoreGraphics.framework */ = {isa = PBXFileReference; lastKnownFileType = wrapper.framework; name = CoreGraphics.framework; path = System/Library/Frameworks/CoreGraphics.framework; sourceTree = SDKROOT; };
		3FD5E1A41853A8D00063E10C /* UIKit.framework */ = {isa = PBXFileReference; lastKnownFileType = wrapper.framework; name = UIKit.framework; path = System/Library/Frameworks/UIKit.framework; sourceTree = SDKROOT; };
		3FD5E1A61853A8D00063E10C /* CoreData.framework */ = {isa = PBXFileReference; lastKnownFileType = wrapper.framework; name = CoreData.framework; path = System/Library/Frameworks/CoreData.framework; sourceTree = SDKROOT; };
		3FD5E1AA1853A8D00063E10C /* StayHealthy-Info.plist */ = {isa = PBXFileReference; lastKnownFileType = text.plist.xml; path = "StayHealthy-Info.plist"; sourceTree = "<group>"; };
		3FD5E1AC1853A8D00063E10C /* en */ = {isa = PBXFileReference; lastKnownFileType = text.plist.strings; name = en; path = en.lproj/InfoPlist.strings; sourceTree = "<group>"; };
		3FD5E1AE1853A8D00063E10C /* main.m */ = {isa = PBXFileReference; lastKnownFileType = sourcecode.c.objc; path = main.m; sourceTree = "<group>"; };
		3FD5E1B01853A8D00063E10C /* StayHealthy-Prefix.pch */ = {isa = PBXFileReference; lastKnownFileType = sourcecode.c.h; path = "StayHealthy-Prefix.pch"; sourceTree = "<group>"; };
		3FD5E1B11853A8D00063E10C /* AppDelegate.h */ = {isa = PBXFileReference; lastKnownFileType = sourcecode.c.h; path = AppDelegate.h; sourceTree = "<group>"; };
		3FD5E1B21853A8D00063E10C /* AppDelegate.m */ = {isa = PBXFileReference; lastKnownFileType = sourcecode.c.objc; path = AppDelegate.m; sourceTree = "<group>"; };
		3FD5E1B51853A8D00063E10C /* Base */ = {isa = PBXFileReference; lastKnownFileType = file.storyboard; name = Base; path = Base.lproj/Main_iPhone.storyboard; sourceTree = "<group>"; };
		3FD5E1B81853A8D00063E10C /* Base */ = {isa = PBXFileReference; lastKnownFileType = file.storyboard; name = Base; path = Base.lproj/Main_iPad.storyboard; sourceTree = "<group>"; };
		3FD5E1BB1853A8D00063E10C /* StayHealthy.xcdatamodel */ = {isa = PBXFileReference; lastKnownFileType = wrapper.xcdatamodel; path = StayHealthy.xcdatamodel; sourceTree = "<group>"; };
		3FD5E1BD1853A8D00063E10C /* MasterViewController.h */ = {isa = PBXFileReference; lastKnownFileType = sourcecode.c.h; path = MasterViewController.h; sourceTree = "<group>"; };
		3FD5E1BE1853A8D00063E10C /* MasterViewController.m */ = {isa = PBXFileReference; lastKnownFileType = sourcecode.c.objc; path = MasterViewController.m; sourceTree = "<group>"; };
		3FD5E1C01853A8D00063E10C /* DetailViewController.h */ = {isa = PBXFileReference; lastKnownFileType = sourcecode.c.h; path = DetailViewController.h; sourceTree = "<group>"; };
		3FD5E1C11853A8D00063E10C /* DetailViewController.m */ = {isa = PBXFileReference; lastKnownFileType = sourcecode.c.objc; path = DetailViewController.m; sourceTree = "<group>"; };
		3FD5E1C31853A8D00063E10C /* Images.xcassets */ = {isa = PBXFileReference; lastKnownFileType = folder.assetcatalog; path = Images.xcassets; sourceTree = "<group>"; };
		3FD5E1C91853A8D00063E10C /* StayHealthyTests.xctest */ = {isa = PBXFileReference; explicitFileType = wrapper.cfbundle; includeInIndex = 0; path = StayHealthyTests.xctest; sourceTree = BUILT_PRODUCTS_DIR; };
		3FD5E1CA1853A8D00063E10C /* XCTest.framework */ = {isa = PBXFileReference; lastKnownFileType = wrapper.framework; name = XCTest.framework; path = Library/Frameworks/XCTest.framework; sourceTree = DEVELOPER_DIR; };
		3FD5E1D31853A8D00063E10C /* StayHealthyTests-Info.plist */ = {isa = PBXFileReference; lastKnownFileType = text.plist.xml; path = "StayHealthyTests-Info.plist"; sourceTree = "<group>"; };
		3FD5E1D51853A8D00063E10C /* en */ = {isa = PBXFileReference; lastKnownFileType = text.plist.strings; name = en; path = en.lproj/InfoPlist.strings; sourceTree = "<group>"; };
		3FD5E1D71853A8D00063E10C /* StayHealthyTests.m */ = {isa = PBXFileReference; lastKnownFileType = sourcecode.c.objc; path = StayHealthyTests.m; sourceTree = "<group>"; };
/* End PBXFileReference section */

/* Begin PBXFrameworksBuildPhase section */
		3FD5E19A1853A8D00063E10C /* Frameworks */ = {
			isa = PBXFrameworksBuildPhase;
			buildActionMask = 2147483647;
			files = (
				3FD5E1A31853A8D00063E10C /* CoreGraphics.framework in Frameworks */,
				3FD5E1A71853A8D00063E10C /* CoreData.framework in Frameworks */,
				3FD5E1A51853A8D00063E10C /* UIKit.framework in Frameworks */,
				3FD5E1A11853A8D00063E10C /* Foundation.framework in Frameworks */,
			);
			runOnlyForDeploymentPostprocessing = 0;
		};
		3FD5E1C61853A8D00063E10C /* Frameworks */ = {
			isa = PBXFrameworksBuildPhase;
			buildActionMask = 2147483647;
			files = (
				3FD5E1CB1853A8D00063E10C /* XCTest.framework in Frameworks */,
				3FD5E1CE1853A8D00063E10C /* CoreData.framework in Frameworks */,
				3FD5E1CD1853A8D00063E10C /* UIKit.framework in Frameworks */,
				3FD5E1CC1853A8D00063E10C /* Foundation.framework in Frameworks */,
			);
			runOnlyForDeploymentPostprocessing = 0;
		};
/* End PBXFrameworksBuildPhase section */

/* Begin PBXGroup section */
		3FD5E1941853A8D00063E10C = {
			isa = PBXGroup;
			children = (
				3FD5E1A81853A8D00063E10C /* StayHealthy */,
				3FD5E1D11853A8D00063E10C /* StayHealthyTests */,
				3FD5E19F1853A8D00063E10C /* Frameworks */,
				3FD5E19E1853A8D00063E10C /* Products */,
			);
			sourceTree = "<group>";
		};
		3FD5E19E1853A8D00063E10C /* Products */ = {
			isa = PBXGroup;
			children = (
				3FD5E19D1853A8D00063E10C /* StayHealthy.app */,
				3FD5E1C91853A8D00063E10C /* StayHealthyTests.xctest */,
			);
			name = Products;
			sourceTree = "<group>";
		};
		3FD5E19F1853A8D00063E10C /* Frameworks */ = {
			isa = PBXGroup;
			children = (
				3FD5E1A01853A8D00063E10C /* Foundation.framework */,
				3FD5E1A21853A8D00063E10C /* CoreGraphics.framework */,
				3FD5E1A41853A8D00063E10C /* UIKit.framework */,
				3FD5E1A61853A8D00063E10C /* CoreData.framework */,
				3FD5E1CA1853A8D00063E10C /* XCTest.framework */,
			);
			name = Frameworks;
			sourceTree = "<group>";
		};
		3FD5E1A81853A8D00063E10C /* StayHealthy */ = {
			isa = PBXGroup;
			children = (
				3FD5E1B11853A8D00063E10C /* AppDelegate.h */,
				3FD5E1B21853A8D00063E10C /* AppDelegate.m */,
				3FD5E1B41853A8D00063E10C /* Main_iPhone.storyboard */,
				3FD5E1B71853A8D00063E10C /* Main_iPad.storyboard */,
				3FD5E1BD1853A8D00063E10C /* MasterViewController.h */,
				3FD5E1BE1853A8D00063E10C /* MasterViewController.m */,
				3FD5E1C01853A8D00063E10C /* DetailViewController.h */,
				3FD5E1C11853A8D00063E10C /* DetailViewController.m */,
				3FD5E1C31853A8D00063E10C /* Images.xcassets */,
				3FD5E1BA1853A8D00063E10C /* StayHealthy.xcdatamodeld */,
				3FD5E1A91853A8D00063E10C /* Supporting Files */,
			);
			path = StayHealthy;
			sourceTree = "<group>";
		};
		3FD5E1A91853A8D00063E10C /* Supporting Files */ = {
			isa = PBXGroup;
			children = (
				3FD5E1AA1853A8D00063E10C /* StayHealthy-Info.plist */,
				3FD5E1AB1853A8D00063E10C /* InfoPlist.strings */,
				3FD5E1AE1853A8D00063E10C /* main.m */,
				3FD5E1B01853A8D00063E10C /* StayHealthy-Prefix.pch */,
			);
			name = "Supporting Files";
			sourceTree = "<group>";
		};
		3FD5E1D11853A8D00063E10C /* StayHealthyTests */ = {
			isa = PBXGroup;
			children = (
				3FD5E1D71853A8D00063E10C /* StayHealthyTests.m */,
				3FD5E1D21853A8D00063E10C /* Supporting Files */,
			);
			path = StayHealthyTests;
			sourceTree = "<group>";
		};
		3FD5E1D21853A8D00063E10C /* Supporting Files */ = {
			isa = PBXGroup;
			children = (
				3FD5E1D31853A8D00063E10C /* StayHealthyTests-Info.plist */,
				3FD5E1D41853A8D00063E10C /* InfoPlist.strings */,
			);
			name = "Supporting Files";
			sourceTree = "<group>";
		};
/* End PBXGroup section */

/* Begin PBXNativeTarget section */
		3FD5E19C1853A8D00063E10C /* StayHealthy */ = {
			isa = PBXNativeTarget;
			buildConfigurationList = 3FD5E1DB1853A8D00063E10C /* Build configuration list for PBXNativeTarget "StayHealthy" */;
			buildPhases = (
				3FD5E1991853A8D00063E10C /* Sources */,
				3FD5E19A1853A8D00063E10C /* Frameworks */,
				3FD5E19B1853A8D00063E10C /* Resources */,
			);
			buildRules = (
			);
			dependencies = (
			);
			name = StayHealthy;
			productName = StayHealthy;
			productReference = 3FD5E19D1853A8D00063E10C /* StayHealthy.app */;
			productType = "com.apple.product-type.application";
		};
		3FD5E1C81853A8D00063E10C /* StayHealthyTests */ = {
			isa = PBXNativeTarget;
			buildConfigurationList = 3FD5E1DE1853A8D00063E10C /* Build configuration list for PBXNativeTarget "StayHealthyTests" */;
			buildPhases = (
				3FD5E1C51853A8D00063E10C /* Sources */,
				3FD5E1C61853A8D00063E10C /* Frameworks */,
				3FD5E1C71853A8D00063E10C /* Resources */,
			);
			buildRules = (
			);
			dependencies = (
				3FD5E1D01853A8D00063E10C /* PBXTargetDependency */,
			);
			name = StayHealthyTests;
			productName = StayHealthyTests;
			productReference = 3FD5E1C91853A8D00063E10C /* StayHealthyTests.xctest */;
			productType = "com.apple.product-type.bundle.unit-test";
		};
/* End PBXNativeTarget section */

/* Begin PBXProject section */
		3FD5E1951853A8D00063E10C /* Project object */ = {
			isa = PBXProject;
			attributes = {
				LastUpgradeCheck = 0500;
				ORGANIZATIONNAME = "Mark Saunders";
				TargetAttributes = {
					3FD5E1C81853A8D00063E10C = {
						TestTargetID = 3FD5E19C1853A8D00063E10C;
					};
				};
			};
			buildConfigurationList = 3FD5E1981853A8D00063E10C /* Build configuration list for PBXProject "StayHealthy" */;
			compatibilityVersion = "Xcode 3.2";
			developmentRegion = English;
			hasScannedForEncodings = 0;
			knownRegions = (
				en,
				Base,
			);
			mainGroup = 3FD5E1941853A8D00063E10C;
			productRefGroup = 3FD5E19E1853A8D00063E10C /* Products */;
			projectDirPath = "";
			projectRoot = "";
			targets = (
				3FD5E19C1853A8D00063E10C /* StayHealthy */,
				3FD5E1C81853A8D00063E10C /* StayHealthyTests */,
			);
		};
/* End PBXProject section */

/* Begin PBXResourcesBuildPhase section */
		3FD5E19B1853A8D00063E10C /* Resources */ = {
			isa = PBXResourcesBuildPhase;
			buildActionMask = 2147483647;
			files = (
				3FD5E1B91853A8D00063E10C /* Main_iPad.storyboard in Resources */,
				3FD5E1C41853A8D00063E10C /* Images.xcassets in Resources */,
				3FD5E1B61853A8D00063E10C /* Main_iPhone.storyboard in Resources */,
				3FD5E1AD1853A8D00063E10C /* InfoPlist.strings in Resources */,
			);
			runOnlyForDeploymentPostprocessing = 0;
		};
		3FD5E1C71853A8D00063E10C /* Resources */ = {
			isa = PBXResourcesBuildPhase;
			buildActionMask = 2147483647;
			files = (
				3FD5E1D61853A8D00063E10C /* InfoPlist.strings in Resources */,
			);
			runOnlyForDeploymentPostprocessing = 0;
		};
/* End PBXResourcesBuildPhase section */

/* Begin PBXSourcesBuildPhase section */
		3FD5E1991853A8D00063E10C /* Sources */ = {
			isa = PBXSourcesBuildPhase;
			buildActionMask = 2147483647;
			files = (
				3FD5E1C21853A8D00063E10C /* DetailViewController.m in Sources */,
				3FD5E1BF1853A8D00063E10C /* MasterViewController.m in Sources */,
				3FD5E1B31853A8D00063E10C /* AppDelegate.m in Sources */,
				3FD5E1BC1853A8D00063E10C /* StayHealthy.xcdatamodeld in Sources */,
				3FD5E1AF1853A8D00063E10C /* main.m in Sources */,
			);
			runOnlyForDeploymentPostprocessing = 0;
		};
		3FD5E1C51853A8D00063E10C /* Sources */ = {
			isa = PBXSourcesBuildPhase;
			buildActionMask = 2147483647;
			files = (
				3FD5E1D81853A8D00063E10C /* StayHealthyTests.m in Sources */,
			);
			runOnlyForDeploymentPostprocessing = 0;
		};
/* End PBXSourcesBuildPhase section */

/* Begin PBXTargetDependency section */
		3FD5E1D01853A8D00063E10C /* PBXTargetDependency */ = {
			isa = PBXTargetDependency;
			target = 3FD5E19C1853A8D00063E10C /* StayHealthy */;
			targetProxy = 3FD5E1CF1853A8D00063E10C /* PBXContainerItemProxy */;
		};
/* End PBXTargetDependency section */

/* Begin PBXVariantGroup section */
		3FD5E1AB1853A8D00063E10C /* InfoPlist.strings */ = {
			isa = PBXVariantGroup;
			children = (
				3FD5E1AC1853A8D00063E10C /* en */,
			);
			name = InfoPlist.strings;
			sourceTree = "<group>";
		};
		3FD5E1B41853A8D00063E10C /* Main_iPhone.storyboard */ = {
			isa = PBXVariantGroup;
			children = (
				3FD5E1B51853A8D00063E10C /* Base */,
			);
			name = Main_iPhone.storyboard;
			sourceTree = "<group>";
		};
		3FD5E1B71853A8D00063E10C /* Main_iPad.storyboard */ = {
			isa = PBXVariantGroup;
			children = (
				3FD5E1B81853A8D00063E10C /* Base */,
			);
			name = Main_iPad.storyboard;
			sourceTree = "<group>";
		};
		3FD5E1D41853A8D00063E10C /* InfoPlist.strings */ = {
			isa = PBXVariantGroup;
			children = (
				3FD5E1D51853A8D00063E10C /* en */,
			);
			name = InfoPlist.strings;
			sourceTree = "<group>";
		};
/* End PBXVariantGroup section */

/* Begin XCBuildConfiguration section */
		3FD5E1D91853A8D00063E10C /* Debug */ = {
			isa = XCBuildConfiguration;
			buildSettings = {
				ALWAYS_SEARCH_USER_PATHS = NO;
				ARCHS = "$(ARCHS_STANDARD_INCLUDING_64_BIT)";
				CLANG_CXX_LANGUAGE_STANDARD = "gnu++0x";
				CLANG_CXX_LIBRARY = "libc++";
				CLANG_ENABLE_MODULES = YES;
				CLANG_ENABLE_OBJC_ARC = YES;
				CLANG_WARN_BOOL_CONVERSION = YES;
				CLANG_WARN_CONSTANT_CONVERSION = YES;
				CLANG_WARN_DIRECT_OBJC_ISA_USAGE = YES_ERROR;
				CLANG_WARN_EMPTY_BODY = YES;
				CLANG_WARN_ENUM_CONVERSION = YES;
				CLANG_WARN_INT_CONVERSION = YES;
				CLANG_WARN_OBJC_ROOT_CLASS = YES_ERROR;
				CLANG_WARN__DUPLICATE_METHOD_MATCH = YES;
				"CODE_SIGN_IDENTITY[sdk=iphoneos*]" = "iPhone Developer";
				COPY_PHASE_STRIP = NO;
				GCC_C_LANGUAGE_STANDARD = gnu99;
				GCC_DYNAMIC_NO_PIC = NO;
				GCC_OPTIMIZATION_LEVEL = 0;
				GCC_PREPROCESSOR_DEFINITIONS = (
					"DEBUG=1",
					"$(inherited)",
				);
				GCC_SYMBOLS_PRIVATE_EXTERN = NO;
				GCC_WARN_64_TO_32_BIT_CONVERSION = YES;
				GCC_WARN_ABOUT_RETURN_TYPE = YES_ERROR;
				GCC_WARN_UNDECLARED_SELECTOR = YES;
				GCC_WARN_UNINITIALIZED_AUTOS = YES;
				GCC_WARN_UNUSED_FUNCTION = YES;
				GCC_WARN_UNUSED_VARIABLE = YES;
				IPHONEOS_DEPLOYMENT_TARGET = 7.0;
				ONLY_ACTIVE_ARCH = YES;
				SDKROOT = iphoneos;
				TARGETED_DEVICE_FAMILY = "1,2";
			};
			name = Debug;
		};
		3FD5E1DA1853A8D00063E10C /* Release */ = {
			isa = XCBuildConfiguration;
			buildSettings = {
				ALWAYS_SEARCH_USER_PATHS = NO;
				ARCHS = "$(ARCHS_STANDARD_INCLUDING_64_BIT)";
				CLANG_CXX_LANGUAGE_STANDARD = "gnu++0x";
				CLANG_CXX_LIBRARY = "libc++";
				CLANG_ENABLE_MODULES = YES;
				CLANG_ENABLE_OBJC_ARC = YES;
				CLANG_WARN_BOOL_CONVERSION = YES;
				CLANG_WARN_CONSTANT_CONVERSION = YES;
				CLANG_WARN_DIRECT_OBJC_ISA_USAGE = YES_ERROR;
				CLANG_WARN_EMPTY_BODY = YES;
				CLANG_WARN_ENUM_CONVERSION = YES;
				CLANG_WARN_INT_CONVERSION = YES;
				CLANG_WARN_OBJC_ROOT_CLASS = YES_ERROR;
				CLANG_WARN__DUPLICATE_METHOD_MATCH = YES;
				"CODE_SIGN_IDENTITY[sdk=iphoneos*]" = "iPhone Developer";
				COPY_PHASE_STRIP = YES;
				ENABLE_NS_ASSERTIONS = NO;
				GCC_C_LANGUAGE_STANDARD = gnu99;
				GCC_WARN_64_TO_32_BIT_CONVERSION = YES;
				GCC_WARN_ABOUT_RETURN_TYPE = YES_ERROR;
				GCC_WARN_UNDECLARED_SELECTOR = YES;
				GCC_WARN_UNINITIALIZED_AUTOS = YES;
				GCC_WARN_UNUSED_FUNCTION = YES;
				GCC_WARN_UNUSED_VARIABLE = YES;
				IPHONEOS_DEPLOYMENT_TARGET = 7.0;
				SDKROOT = iphoneos;
				TARGETED_DEVICE_FAMILY = "1,2";
				VALIDATE_PRODUCT = YES;
			};
			name = Release;
		};
		3FD5E1DC1853A8D00063E10C /* Debug */ = {
			isa = XCBuildConfiguration;
			buildSettings = {
				ASSETCATALOG_COMPILER_APPICON_NAME = AppIcon;
				ASSETCATALOG_COMPILER_LAUNCHIMAGE_NAME = LaunchImage;
				GCC_PRECOMPILE_PREFIX_HEADER = YES;
				GCC_PREFIX_HEADER = "StayHealthy/StayHealthy-Prefix.pch";
				INFOPLIST_FILE = "StayHealthy/StayHealthy-Info.plist";
				PRODUCT_NAME = "$(TARGET_NAME)";
				WRAPPER_EXTENSION = app;
			};
			name = Debug;
		};
		3FD5E1DD1853A8D00063E10C /* Release */ = {
			isa = XCBuildConfiguration;
			buildSettings = {
				ASSETCATALOG_COMPILER_APPICON_NAME = AppIcon;
				ASSETCATALOG_COMPILER_LAUNCHIMAGE_NAME = LaunchImage;
				GCC_PRECOMPILE_PREFIX_HEADER = YES;
				GCC_PREFIX_HEADER = "StayHealthy/StayHealthy-Prefix.pch";
				INFOPLIST_FILE = "StayHealthy/StayHealthy-Info.plist";
				PRODUCT_NAME = "$(TARGET_NAME)";
				WRAPPER_EXTENSION = app;
			};
			name = Release;
		};
		3FD5E1DF1853A8D00063E10C /* Debug */ = {
			isa = XCBuildConfiguration;
			buildSettings = {
				ARCHS = "$(ARCHS_STANDARD_INCLUDING_64_BIT)";
				BUNDLE_LOADER = "$(BUILT_PRODUCTS_DIR)/StayHealthy.app/StayHealthy";
				FRAMEWORK_SEARCH_PATHS = (
					"$(SDKROOT)/Developer/Library/Frameworks",
					"$(inherited)",
					"$(DEVELOPER_FRAMEWORKS_DIR)",
				);
				GCC_PRECOMPILE_PREFIX_HEADER = YES;
				GCC_PREFIX_HEADER = "StayHealthy/StayHealthy-Prefix.pch";
				GCC_PREPROCESSOR_DEFINITIONS = (
					"DEBUG=1",
					"$(inherited)",
				);
				INFOPLIST_FILE = "StayHealthyTests/StayHealthyTests-Info.plist";
				PRODUCT_NAME = "$(TARGET_NAME)";
				TEST_HOST = "$(BUNDLE_LOADER)";
				WRAPPER_EXTENSION = xctest;
			};
			name = Debug;
		};
		3FD5E1E01853A8D00063E10C /* Release */ = {
			isa = XCBuildConfiguration;
			buildSettings = {
				ARCHS = "$(ARCHS_STANDARD_INCLUDING_64_BIT)";
				BUNDLE_LOADER = "$(BUILT_PRODUCTS_DIR)/StayHealthy.app/StayHealthy";
				FRAMEWORK_SEARCH_PATHS = (
					"$(SDKROOT)/Developer/Library/Frameworks",
					"$(inherited)",
					"$(DEVELOPER_FRAMEWORKS_DIR)",
				);
				GCC_PRECOMPILE_PREFIX_HEADER = YES;
				GCC_PREFIX_HEADER = "StayHealthy/StayHealthy-Prefix.pch";
				INFOPLIST_FILE = "StayHealthyTests/StayHealthyTests-Info.plist";
				PRODUCT_NAME = "$(TARGET_NAME)";
				TEST_HOST = "$(BUNDLE_LOADER)";
				WRAPPER_EXTENSION = xctest;
			};
			name = Release;
		};
/* End XCBuildConfiguration section */

/* Begin XCConfigurationList section */
		3FD5E1981853A8D00063E10C /* Build configuration list for PBXProject "StayHealthy" */ = {
			isa = XCConfigurationList;
			buildConfigurations = (
				3FD5E1D91853A8D00063E10C /* Debug */,
				3FD5E1DA1853A8D00063E10C /* Release */,
			);
			defaultConfigurationIsVisible = 0;
			defaultConfigurationName = Release;
		};
		3FD5E1DB1853A8D00063E10C /* Build configuration list for PBXNativeTarget "StayHealthy" */ = {
			isa = XCConfigurationList;
			buildConfigurations = (
				3FD5E1DC1853A8D00063E10C /* Debug */,
				3FD5E1DD1853A8D00063E10C /* Release */,
			);
			defaultConfigurationIsVisible = 0;
		};
		3FD5E1DE1853A8D00063E10C /* Build configuration list for PBXNativeTarget "StayHealthyTests" */ = {
			isa = XCConfigurationList;
			buildConfigurations = (
				3FD5E1DF1853A8D00063E10C /* Debug */,
				3FD5E1E01853A8D00063E10C /* Release */,
			);
			defaultConfigurationIsVisible = 0;
		};
/* End XCConfigurationList section */

/* Begin XCVersionGroup section */
		3FD5E1BA1853A8D00063E10C /* StayHealthy.xcdatamodeld */ = {
			isa = XCVersionGroup;
			children = (
				3FD5E1BB1853A8D00063E10C /* StayHealthy.xcdatamodel */,
			);
			currentVersion = 3FD5E1BB1853A8D00063E10C /* StayHealthy.xcdatamodel */;
			path = StayHealthy.xcdatamodeld;
			sourceTree = "<group>";
			versionGroupType = wrapper.xcdatamodel;
		};
/* End XCVersionGroup section */
	};
	rootObject = 3FD5E1951853A8D00063E10C /* Project object */;
}
